// !$*UTF8*$!
{
	archiveVersion = 1;
	classes = {
	};
	objectVersion = 51;
	objects = {

/* Begin PBXBuildFile section */
		0187129CE1876FAB0B5D98BE /* Pods_Simple_Habit_Tracker_Simple_Habit_TrackerUITests.framework in Frameworks */ = {isa = PBXBuildFile; fileRef = 37011245DB9486154EEC81A4 /* Pods_Simple_Habit_Tracker_Simple_Habit_TrackerUITests.framework */; };
		0D8A9FDADCFA15A729D74135 /* Pods_Habit_WidgetExtension.framework in Frameworks */ = {isa = PBXBuildFile; fileRef = C85F613899676357D7203639 /* Pods_Habit_WidgetExtension.framework */; };
		8802ED752585AB2200ABE4FF /* Images.bundle in Resources */ = {isa = PBXBuildFile; fileRef = 8802ED742585AB2200ABE4FF /* Images.bundle */; };
		8806A39F25A6361200D5797D /* DEBUG_CHEAT.xib in Resources */ = {isa = PBXBuildFile; fileRef = 8806A39E25A6361200D5797D /* DEBUG_CHEAT.xib */; };
		8806A3A725A63AC200D5797D /* DEBUG_CHEAT.swift in Sources */ = {isa = PBXBuildFile; fileRef = 8806A3A625A63AC200D5797D /* DEBUG_CHEAT.swift */; };
		8821E633259FCE4A00A95261 /* AddHabitView.xib in Resources */ = {isa = PBXBuildFile; fileRef = 8821E632259FCE4A00A95261 /* AddHabitView.xib */; };
		8821E63D259FD0D200A95261 /* scrollviewtest.xib in Resources */ = {isa = PBXBuildFile; fileRef = 8821E63C259FD0D200A95261 /* scrollviewtest.xib */; };
		8845133325803337006F8BD0 /* ColorViewCell.xib in Resources */ = {isa = PBXBuildFile; fileRef = 8845133225803337006F8BD0 /* ColorViewCell.xib */; };
		8845133B258038A1006F8BD0 /* Colors.xcassets in Resources */ = {isa = PBXBuildFile; fileRef = 8845133A258038A1006F8BD0 /* Colors.xcassets */; };
		8847771E2578963700999250 /* UIColor+Components.swift in Sources */ = {isa = PBXBuildFile; fileRef = 8847771D2578963700999250 /* UIColor+Components.swift */; };
		888CD50E25A3CF71007B237C /* tickSound.mp3 in Resources */ = {isa = PBXBuildFile; fileRef = 888CD50D25A3CF71007B237C /* tickSound.mp3 */; };
		888CD51D25A3D1FA007B237C /* GSAudio.swift in Sources */ = {isa = PBXBuildFile; fileRef = 888CD51C25A3D1FA007B237C /* GSAudio.swift */; };
		889A69B5257EC5360016D3D0 /* PresentationController.swift in Sources */ = {isa = PBXBuildFile; fileRef = 889A69B4257EC5360016D3D0 /* PresentationController.swift */; };
		889A69BF257EC6B50016D3D0 /* AddHabitView.swift in Sources */ = {isa = PBXBuildFile; fileRef = 889A69BE257EC6B50016D3D0 /* AddHabitView.swift */; };
		88A2AE032585D207005D7753 /* WidgetKit.framework in Frameworks */ = {isa = PBXBuildFile; fileRef = 88A2AE022585D207005D7753 /* WidgetKit.framework */; };
		88A2AE052585D207005D7753 /* SwiftUI.framework in Frameworks */ = {isa = PBXBuildFile; fileRef = 88A2AE042585D207005D7753 /* SwiftUI.framework */; };
		88A2AE082585D207005D7753 /* Habit_Widget.swift in Sources */ = {isa = PBXBuildFile; fileRef = 88A2AE072585D207005D7753 /* Habit_Widget.swift */; };
		88A2AE0B2585D209005D7753 /* Assets.xcassets in Resources */ = {isa = PBXBuildFile; fileRef = 88A2AE0A2585D209005D7753 /* Assets.xcassets */; };
		88A2AE0D2585D209005D7753 /* Habit_Widget.intentdefinition in Sources */ = {isa = PBXBuildFile; fileRef = 88A2AE092585D207005D7753 /* Habit_Widget.intentdefinition */; };
		88A2AE0E2585D209005D7753 /* Habit_Widget.intentdefinition in Sources */ = {isa = PBXBuildFile; fileRef = 88A2AE092585D207005D7753 /* Habit_Widget.intentdefinition */; };
		88A2AE112585D209005D7753 /* Habit WidgetExtension.appex in Embed App Extensions */ = {isa = PBXBuildFile; fileRef = 88A2AE002585D207005D7753 /* Habit WidgetExtension.appex */; settings = {ATTRIBUTES = (RemoveHeadersOnCopy, ); }; };
		88A5320625901BE5008BD5E9 /* SettingsView.xib in Resources */ = {isa = PBXBuildFile; fileRef = 88A5320525901BE5008BD5E9 /* SettingsView.xib */; };
		88A5321025901D9A008BD5E9 /* SettingsView.swift in Sources */ = {isa = PBXBuildFile; fileRef = 88A5320F25901D9A008BD5E9 /* SettingsView.swift */; };
		88B5595725785E4B00D64D1A /* AppDelegate.swift in Sources */ = {isa = PBXBuildFile; fileRef = 88B5595625785E4B00D64D1A /* AppDelegate.swift */; };
		88B5595925785E4B00D64D1A /* SceneDelegate.swift in Sources */ = {isa = PBXBuildFile; fileRef = 88B5595825785E4B00D64D1A /* SceneDelegate.swift */; };
		88B5595B25785E4B00D64D1A /* ViewController.swift in Sources */ = {isa = PBXBuildFile; fileRef = 88B5595A25785E4B00D64D1A /* ViewController.swift */; };
		88B5595E25785E4B00D64D1A /* Main.storyboard in Resources */ = {isa = PBXBuildFile; fileRef = 88B5595C25785E4B00D64D1A /* Main.storyboard */; };
		88B5596025785E4C00D64D1A /* Assets.xcassets in Resources */ = {isa = PBXBuildFile; fileRef = 88B5595F25785E4C00D64D1A /* Assets.xcassets */; };
		88B5596325785E4C00D64D1A /* LaunchScreen.storyboard in Resources */ = {isa = PBXBuildFile; fileRef = 88B5596125785E4C00D64D1A /* LaunchScreen.storyboard */; };
		88B5596E25785E4D00D64D1A /* Simple_Habit_TrackerTests.swift in Sources */ = {isa = PBXBuildFile; fileRef = 88B5596D25785E4D00D64D1A /* Simple_Habit_TrackerTests.swift */; };
		88B5597925785E4D00D64D1A /* Simple_Habit_TrackerUITests.swift in Sources */ = {isa = PBXBuildFile; fileRef = 88B5597825785E4D00D64D1A /* Simple_Habit_TrackerUITests.swift */; };
		88B6C18D257B27580045D022 /* ConfettiType.swift in Sources */ = {isa = PBXBuildFile; fileRef = 88B6C18C257B27580045D022 /* ConfettiType.swift */; };
		88C401BA25B4479300143271 /* dark_icon@2x~ipad.png in Resources */ = {isa = PBXBuildFile; fileRef = 88C401A825B4479100143271 /* dark_icon@2x~ipad.png */; };
		88C401BB25B4479300143271 /* dark_icon-20~ipad.png in Resources */ = {isa = PBXBuildFile; fileRef = 88C401A925B4479100143271 /* dark_icon-20~ipad.png */; };
		88C401BC25B4479300143271 /* dark_icon-40~ipad.png in Resources */ = {isa = PBXBuildFile; fileRef = 88C401AA25B4479100143271 /* dark_icon-40~ipad.png */; };
		88C401BD25B4479300143271 /* dark_icon-29@3x.png in Resources */ = {isa = PBXBuildFile; fileRef = 88C401AB25B4479100143271 /* dark_icon-29@3x.png */; };
		88C401BE25B4479300143271 /* dark_icon@3x.png in Resources */ = {isa = PBXBuildFile; fileRef = 88C401AC25B4479100143271 /* dark_icon@3x.png */; };
		88C401BF25B4479300143271 /* dark_icon-40@2x~ipad.png in Resources */ = {isa = PBXBuildFile; fileRef = 88C401AD25B4479100143271 /* dark_icon-40@2x~ipad.png */; };
		88C401C025B4479300143271 /* dark_icon-40@3x.png in Resources */ = {isa = PBXBuildFile; fileRef = 88C401AE25B4479100143271 /* dark_icon-40@3x.png */; };
		88C401C125B4479300143271 /* dark_icon-20@3x.png in Resources */ = {isa = PBXBuildFile; fileRef = 88C401AF25B4479100143271 /* dark_icon-20@3x.png */; };
		88C401C225B4479300143271 /* dark_icon-40@2x.png in Resources */ = {isa = PBXBuildFile; fileRef = 88C401B025B4479200143271 /* dark_icon-40@2x.png */; };
		88C401C325B4479300143271 /* dark_icon-29~ipad.png in Resources */ = {isa = PBXBuildFile; fileRef = 88C401B125B4479200143271 /* dark_icon-29~ipad.png */; };
		88C401C425B4479300143271 /* dark_icon-29@2x.png in Resources */ = {isa = PBXBuildFile; fileRef = 88C401B225B4479200143271 /* dark_icon-29@2x.png */; };
		88C401C525B4479300143271 /* dark_icon-20@2x~ipad.png in Resources */ = {isa = PBXBuildFile; fileRef = 88C401B325B4479200143271 /* dark_icon-20@2x~ipad.png */; };
		88C401C625B4479300143271 /* dark_icon@2x.png in Resources */ = {isa = PBXBuildFile; fileRef = 88C401B425B4479200143271 /* dark_icon@2x.png */; };
		88C401C725B4479300143271 /* dark_icon-29@2x~ipad.png in Resources */ = {isa = PBXBuildFile; fileRef = 88C401B525B4479200143271 /* dark_icon-29@2x~ipad.png */; };
		88C401C825B4479300143271 /* dark_icon-83.5@2x~ipad.png in Resources */ = {isa = PBXBuildFile; fileRef = 88C401B625B4479300143271 /* dark_icon-83.5@2x~ipad.png */; };
		88C401C925B4479300143271 /* dark_icon~ios~marketing.png in Resources */ = {isa = PBXBuildFile; fileRef = 88C401B725B4479300143271 /* dark_icon~ios~marketing.png */; };
		88C401CA25B4479300143271 /* dark_icon~ipad.png in Resources */ = {isa = PBXBuildFile; fileRef = 88C401B825B4479300143271 /* dark_icon~ipad.png */; };
		88C401CB25B4479300143271 /* dark_icon-20@2x.png in Resources */ = {isa = PBXBuildFile; fileRef = 88C401B925B4479300143271 /* dark_icon-20@2x.png */; };
		88CD2CC8259AD35500C06B13 /* TutorialView.swift in Sources */ = {isa = PBXBuildFile; fileRef = 88CD2CC7259AD35500C06B13 /* TutorialView.swift */; };
		88CD2CD2259AD84700C06B13 /* TutorialView.xib in Resources */ = {isa = PBXBuildFile; fileRef = 88CD2CD1259AD84700C06B13 /* TutorialView.xib */; };
		88D11F7E257B1CD30040C61F /* MTSlideToOpenView.swift in Sources */ = {isa = PBXBuildFile; fileRef = 88D11F7D257B1CD30040C61F /* MTSlideToOpenView.swift */; };
		88FC5171259D66C50045B20A /* GoogleService-Info.plist in Resources */ = {isa = PBXBuildFile; fileRef = 88FC5170259D66C50045B20A /* GoogleService-Info.plist */; };
		88FF493025A21B3F007AC72A /* Interface.storyboard in Resources */ = {isa = PBXBuildFile; fileRef = 88FF492E25A21B3F007AC72A /* Interface.storyboard */; };
		88FF493225A21B40007AC72A /* Assets.xcassets in Resources */ = {isa = PBXBuildFile; fileRef = 88FF493125A21B40007AC72A /* Assets.xcassets */; };
		88FF493925A21B40007AC72A /* Habit Watch App Extension.appex in Embed App Extensions */ = {isa = PBXBuildFile; fileRef = 88FF493825A21B40007AC72A /* Habit Watch App Extension.appex */; settings = {ATTRIBUTES = (RemoveHeadersOnCopy, ); }; };
		88FF493E25A21B40007AC72A /* InterfaceController.swift in Sources */ = {isa = PBXBuildFile; fileRef = 88FF493D25A21B40007AC72A /* InterfaceController.swift */; };
		88FF494025A21B40007AC72A /* ExtensionDelegate.swift in Sources */ = {isa = PBXBuildFile; fileRef = 88FF493F25A21B40007AC72A /* ExtensionDelegate.swift */; };
		88FF494225A21B40007AC72A /* NotificationController.swift in Sources */ = {isa = PBXBuildFile; fileRef = 88FF494125A21B40007AC72A /* NotificationController.swift */; };
		88FF494425A21B40007AC72A /* ComplicationController.swift in Sources */ = {isa = PBXBuildFile; fileRef = 88FF494325A21B40007AC72A /* ComplicationController.swift */; };
		88FF494625A21B41007AC72A /* Assets.xcassets in Resources */ = {isa = PBXBuildFile; fileRef = 88FF494525A21B41007AC72A /* Assets.xcassets */; };
		88FF496925A2304C007AC72A /* RowController.swift in Sources */ = {isa = PBXBuildFile; fileRef = 88FF496825A2304C007AC72A /* RowController.swift */; };
		88FF499B25A28C0B007AC72A /* ExpandedView.swift in Sources */ = {isa = PBXBuildFile; fileRef = 88FF499A25A28C0B007AC72A /* ExpandedView.swift */; };
		AA8A63B6C78F6DC896F7B437 /* Pods_Simple_Habit_TrackerTests.framework in Frameworks */ = {isa = PBXBuildFile; fileRef = 900B18439F79217A30D65177 /* Pods_Simple_Habit_TrackerTests.framework */; };
		B95E7DDAA42A921A1A2E0507 /* Pods_Simple_Habit_Tracker.framework in Frameworks */ = {isa = PBXBuildFile; fileRef = 60AACA2C029DE4F90E9C2309 /* Pods_Simple_Habit_Tracker.framework */; };
/* End PBXBuildFile section */

/* Begin PBXContainerItemProxy section */
		888CD57625A3FAEE007B237C /* PBXContainerItemProxy */ = {
			isa = PBXContainerItemProxy;
			containerPortal = 88B5594B25785E4B00D64D1A /* Project object */;
			proxyType = 1;
			remoteGlobalIDString = 88A2ADFF2585D207005D7753;
			remoteInfo = "Habit WidgetExtension";
		};
		88B5596A25785E4D00D64D1A /* PBXContainerItemProxy */ = {
			isa = PBXContainerItemProxy;
			containerPortal = 88B5594B25785E4B00D64D1A /* Project object */;
			proxyType = 1;
			remoteGlobalIDString = 88B5595225785E4B00D64D1A;
			remoteInfo = "Simple Habit Tracker";
		};
		88B5597525785E4D00D64D1A /* PBXContainerItemProxy */ = {
			isa = PBXContainerItemProxy;
			containerPortal = 88B5594B25785E4B00D64D1A /* Project object */;
			proxyType = 1;
			remoteGlobalIDString = 88B5595225785E4B00D64D1A;
			remoteInfo = "Simple Habit Tracker";
		};
		88FF493A25A21B40007AC72A /* PBXContainerItemProxy */ = {
			isa = PBXContainerItemProxy;
			containerPortal = 88B5594B25785E4B00D64D1A /* Project object */;
			proxyType = 1;
			remoteGlobalIDString = 88FF493725A21B40007AC72A;
			remoteInfo = "Habit Watch App Extension";
		};
/* End PBXContainerItemProxy section */

/* Begin PBXCopyFilesBuildPhase section */
		88A2AE122585D209005D7753 /* Embed App Extensions */ = {
			isa = PBXCopyFilesBuildPhase;
			buildActionMask = 2147483647;
			dstPath = "";
			dstSubfolderSpec = 13;
			files = (
				88A2AE112585D209005D7753 /* Habit WidgetExtension.appex in Embed App Extensions */,
			);
			name = "Embed App Extensions";
			runOnlyForDeploymentPostprocessing = 0;
		};
		88FF494C25A21B41007AC72A /* Embed Watch Content */ = {
			isa = PBXCopyFilesBuildPhase;
			buildActionMask = 2147483647;
			dstPath = "$(CONTENTS_FOLDER_PATH)/Watch";
			dstSubfolderSpec = 16;
			files = (
			);
			name = "Embed Watch Content";
			runOnlyForDeploymentPostprocessing = 0;
		};
		88FF494F25A21B41007AC72A /* Embed App Extensions */ = {
			isa = PBXCopyFilesBuildPhase;
			buildActionMask = 2147483647;
			dstPath = "";
			dstSubfolderSpec = 13;
			files = (
				88FF493925A21B40007AC72A /* Habit Watch App Extension.appex in Embed App Extensions */,
			);
			name = "Embed App Extensions";
			runOnlyForDeploymentPostprocessing = 0;
		};
/* End PBXCopyFilesBuildPhase section */

/* Begin PBXFileReference section */
		07C133582945229C9D54A61C /* Pods-Simple Habit TrackerTests.debug.xcconfig */ = {isa = PBXFileReference; includeInIndex = 1; lastKnownFileType = text.xcconfig; name = "Pods-Simple Habit TrackerTests.debug.xcconfig"; path = "Target Support Files/Pods-Simple Habit TrackerTests/Pods-Simple Habit TrackerTests.debug.xcconfig"; sourceTree = "<group>"; };
		2E3BCBEDACE2E4DDAA824DF4 /* Pods-Habit WidgetExtension.debug.xcconfig */ = {isa = PBXFileReference; includeInIndex = 1; lastKnownFileType = text.xcconfig; name = "Pods-Habit WidgetExtension.debug.xcconfig"; path = "Target Support Files/Pods-Habit WidgetExtension/Pods-Habit WidgetExtension.debug.xcconfig"; sourceTree = "<group>"; };
		2FFC22E950F0FEAE82C4B755 /* Pods-Simple Habit TrackerTests.release.xcconfig */ = {isa = PBXFileReference; includeInIndex = 1; lastKnownFileType = text.xcconfig; name = "Pods-Simple Habit TrackerTests.release.xcconfig"; path = "Target Support Files/Pods-Simple Habit TrackerTests/Pods-Simple Habit TrackerTests.release.xcconfig"; sourceTree = "<group>"; };
		37011245DB9486154EEC81A4 /* Pods_Simple_Habit_Tracker_Simple_Habit_TrackerUITests.framework */ = {isa = PBXFileReference; explicitFileType = wrapper.framework; includeInIndex = 0; path = Pods_Simple_Habit_Tracker_Simple_Habit_TrackerUITests.framework; sourceTree = BUILT_PRODUCTS_DIR; };
		60AACA2C029DE4F90E9C2309 /* Pods_Simple_Habit_Tracker.framework */ = {isa = PBXFileReference; explicitFileType = wrapper.framework; includeInIndex = 0; path = Pods_Simple_Habit_Tracker.framework; sourceTree = BUILT_PRODUCTS_DIR; };
		6F58EC629994C7182253E577 /* Pods-Simple Habit Tracker-Simple Habit TrackerUITests.release.xcconfig */ = {isa = PBXFileReference; includeInIndex = 1; lastKnownFileType = text.xcconfig; name = "Pods-Simple Habit Tracker-Simple Habit TrackerUITests.release.xcconfig"; path = "Target Support Files/Pods-Simple Habit Tracker-Simple Habit TrackerUITests/Pods-Simple Habit Tracker-Simple Habit TrackerUITests.release.xcconfig"; sourceTree = "<group>"; };
		8802ED742585AB2200ABE4FF /* Images.bundle */ = {isa = PBXFileReference; lastKnownFileType = "wrapper.plug-in"; path = Images.bundle; sourceTree = "<group>"; };
		8806A39E25A6361200D5797D /* DEBUG_CHEAT.xib */ = {isa = PBXFileReference; lastKnownFileType = file.xib; path = DEBUG_CHEAT.xib; sourceTree = "<group>"; };
		8806A3A625A63AC200D5797D /* DEBUG_CHEAT.swift */ = {isa = PBXFileReference; lastKnownFileType = sourcecode.swift; path = DEBUG_CHEAT.swift; sourceTree = "<group>"; };
		8821E632259FCE4A00A95261 /* AddHabitView.xib */ = {isa = PBXFileReference; fileEncoding = 4; lastKnownFileType = file.xib; path = AddHabitView.xib; sourceTree = "<group>"; };
		8821E63C259FD0D200A95261 /* scrollviewtest.xib */ = {isa = PBXFileReference; lastKnownFileType = file.xib; path = scrollviewtest.xib; sourceTree = "<group>"; };
		8845133225803337006F8BD0 /* ColorViewCell.xib */ = {isa = PBXFileReference; lastKnownFileType = file.xib; path = ColorViewCell.xib; sourceTree = "<group>"; };
		8845133A258038A1006F8BD0 /* Colors.xcassets */ = {isa = PBXFileReference; lastKnownFileType = folder.assetcatalog; path = Colors.xcassets; sourceTree = "<group>"; };
		8847771D2578963700999250 /* UIColor+Components.swift */ = {isa = PBXFileReference; lastKnownFileType = sourcecode.swift; path = "UIColor+Components.swift"; sourceTree = "<group>"; };
		888CD50D25A3CF71007B237C /* tickSound.mp3 */ = {isa = PBXFileReference; lastKnownFileType = audio.mp3; path = tickSound.mp3; sourceTree = "<group>"; };
		888CD51525A3D11C007B237C /* Habit Watch App.entitlements */ = {isa = PBXFileReference; lastKnownFileType = text.plist.entitlements; path = "Habit Watch App.entitlements"; sourceTree = "<group>"; };
		888CD51C25A3D1FA007B237C /* GSAudio.swift */ = {isa = PBXFileReference; lastKnownFileType = sourcecode.swift; path = GSAudio.swift; sourceTree = "<group>"; };
		889A69B4257EC5360016D3D0 /* PresentationController.swift */ = {isa = PBXFileReference; lastKnownFileType = sourcecode.swift; path = PresentationController.swift; sourceTree = "<group>"; };
		889A69BE257EC6B50016D3D0 /* AddHabitView.swift */ = {isa = PBXFileReference; lastKnownFileType = sourcecode.swift; path = AddHabitView.swift; sourceTree = "<group>"; };
		88A2AE002585D207005D7753 /* Habit WidgetExtension.appex */ = {isa = PBXFileReference; explicitFileType = "wrapper.app-extension"; includeInIndex = 0; path = "Habit WidgetExtension.appex"; sourceTree = BUILT_PRODUCTS_DIR; };
		88A2AE022585D207005D7753 /* WidgetKit.framework */ = {isa = PBXFileReference; lastKnownFileType = wrapper.framework; name = WidgetKit.framework; path = System/Library/Frameworks/WidgetKit.framework; sourceTree = SDKROOT; };
		88A2AE042585D207005D7753 /* SwiftUI.framework */ = {isa = PBXFileReference; lastKnownFileType = wrapper.framework; name = SwiftUI.framework; path = System/Library/Frameworks/SwiftUI.framework; sourceTree = SDKROOT; };
		88A2AE072585D207005D7753 /* Habit_Widget.swift */ = {isa = PBXFileReference; lastKnownFileType = sourcecode.swift; path = Habit_Widget.swift; sourceTree = "<group>"; };
		88A2AE092585D207005D7753 /* Habit_Widget.intentdefinition */ = {isa = PBXFileReference; lastKnownFileType = file.intentdefinition; path = Habit_Widget.intentdefinition; sourceTree = "<group>"; };
		88A2AE0A2585D209005D7753 /* Assets.xcassets */ = {isa = PBXFileReference; lastKnownFileType = folder.assetcatalog; path = Assets.xcassets; sourceTree = "<group>"; };
		88A2AE0C2585D209005D7753 /* Info.plist */ = {isa = PBXFileReference; lastKnownFileType = text.plist.xml; path = Info.plist; sourceTree = "<group>"; };
		88A5320525901BE5008BD5E9 /* SettingsView.xib */ = {isa = PBXFileReference; fileEncoding = 4; lastKnownFileType = file.xib; path = SettingsView.xib; sourceTree = "<group>"; };
		88A5320F25901D9A008BD5E9 /* SettingsView.swift */ = {isa = PBXFileReference; lastKnownFileType = sourcecode.swift; path = SettingsView.swift; sourceTree = "<group>"; };
		88B5595325785E4B00D64D1A /* Simple Habit Tracker.app */ = {isa = PBXFileReference; explicitFileType = wrapper.application; includeInIndex = 0; path = "Simple Habit Tracker.app"; sourceTree = BUILT_PRODUCTS_DIR; };
		88B5595625785E4B00D64D1A /* AppDelegate.swift */ = {isa = PBXFileReference; lastKnownFileType = sourcecode.swift; path = AppDelegate.swift; sourceTree = "<group>"; };
		88B5595825785E4B00D64D1A /* SceneDelegate.swift */ = {isa = PBXFileReference; lastKnownFileType = sourcecode.swift; path = SceneDelegate.swift; sourceTree = "<group>"; };
		88B5595A25785E4B00D64D1A /* ViewController.swift */ = {isa = PBXFileReference; lastKnownFileType = sourcecode.swift; path = ViewController.swift; sourceTree = "<group>"; };
		88B5595D25785E4B00D64D1A /* Base */ = {isa = PBXFileReference; lastKnownFileType = file.storyboard; name = Base; path = Base.lproj/Main.storyboard; sourceTree = "<group>"; };
		88B5595F25785E4C00D64D1A /* Assets.xcassets */ = {isa = PBXFileReference; lastKnownFileType = folder.assetcatalog; path = Assets.xcassets; sourceTree = "<group>"; };
		88B5596225785E4C00D64D1A /* Base */ = {isa = PBXFileReference; lastKnownFileType = file.storyboard; name = Base; path = Base.lproj/LaunchScreen.storyboard; sourceTree = "<group>"; };
		88B5596425785E4C00D64D1A /* Info.plist */ = {isa = PBXFileReference; lastKnownFileType = text.plist.xml; path = Info.plist; sourceTree = "<group>"; };
		88B5596925785E4D00D64D1A /* Simple Habit TrackerTests.xctest */ = {isa = PBXFileReference; explicitFileType = wrapper.cfbundle; includeInIndex = 0; path = "Simple Habit TrackerTests.xctest"; sourceTree = BUILT_PRODUCTS_DIR; };
		88B5596D25785E4D00D64D1A /* Simple_Habit_TrackerTests.swift */ = {isa = PBXFileReference; lastKnownFileType = sourcecode.swift; path = Simple_Habit_TrackerTests.swift; sourceTree = "<group>"; };
		88B5596F25785E4D00D64D1A /* Info.plist */ = {isa = PBXFileReference; lastKnownFileType = text.plist.xml; path = Info.plist; sourceTree = "<group>"; };
		88B5597425785E4D00D64D1A /* Simple Habit TrackerUITests.xctest */ = {isa = PBXFileReference; explicitFileType = wrapper.cfbundle; includeInIndex = 0; path = "Simple Habit TrackerUITests.xctest"; sourceTree = BUILT_PRODUCTS_DIR; };
		88B5597825785E4D00D64D1A /* Simple_Habit_TrackerUITests.swift */ = {isa = PBXFileReference; lastKnownFileType = sourcecode.swift; path = Simple_Habit_TrackerUITests.swift; sourceTree = "<group>"; };
		88B5597A25785E4D00D64D1A /* Info.plist */ = {isa = PBXFileReference; lastKnownFileType = text.plist.xml; path = Info.plist; sourceTree = "<group>"; };
		88B6C18C257B27580045D022 /* ConfettiType.swift */ = {isa = PBXFileReference; lastKnownFileType = sourcecode.swift; path = ConfettiType.swift; sourceTree = "<group>"; };
		88B970992586E01F00084C6E /* Simple Habit Tracker.entitlements */ = {isa = PBXFileReference; lastKnownFileType = text.plist.entitlements; path = "Simple Habit Tracker.entitlements"; sourceTree = "<group>"; };
		88B9709E2586E03100084C6E /* Habit WidgetExtension.entitlements */ = {isa = PBXFileReference; lastKnownFileType = text.plist.entitlements; path = "Habit WidgetExtension.entitlements"; sourceTree = "<group>"; };
		88C401A825B4479100143271 /* dark_icon@2x~ipad.png */ = {isa = PBXFileReference; lastKnownFileType = image.png; path = "dark_icon@2x~ipad.png"; sourceTree = "<group>"; };
		88C401A925B4479100143271 /* dark_icon-20~ipad.png */ = {isa = PBXFileReference; lastKnownFileType = image.png; path = "dark_icon-20~ipad.png"; sourceTree = "<group>"; };
		88C401AA25B4479100143271 /* dark_icon-40~ipad.png */ = {isa = PBXFileReference; lastKnownFileType = image.png; path = "dark_icon-40~ipad.png"; sourceTree = "<group>"; };
		88C401AB25B4479100143271 /* dark_icon-29@3x.png */ = {isa = PBXFileReference; lastKnownFileType = image.png; path = "dark_icon-29@3x.png"; sourceTree = "<group>"; };
		88C401AC25B4479100143271 /* dark_icon@3x.png */ = {isa = PBXFileReference; lastKnownFileType = image.png; path = "dark_icon@3x.png"; sourceTree = "<group>"; };
		88C401AD25B4479100143271 /* dark_icon-40@2x~ipad.png */ = {isa = PBXFileReference; lastKnownFileType = image.png; path = "dark_icon-40@2x~ipad.png"; sourceTree = "<group>"; };
		88C401AE25B4479100143271 /* dark_icon-40@3x.png */ = {isa = PBXFileReference; lastKnownFileType = image.png; path = "dark_icon-40@3x.png"; sourceTree = "<group>"; };
		88C401AF25B4479100143271 /* dark_icon-20@3x.png */ = {isa = PBXFileReference; lastKnownFileType = image.png; path = "dark_icon-20@3x.png"; sourceTree = "<group>"; };
		88C401B025B4479200143271 /* dark_icon-40@2x.png */ = {isa = PBXFileReference; lastKnownFileType = image.png; path = "dark_icon-40@2x.png"; sourceTree = "<group>"; };
		88C401B125B4479200143271 /* dark_icon-29~ipad.png */ = {isa = PBXFileReference; lastKnownFileType = image.png; path = "dark_icon-29~ipad.png"; sourceTree = "<group>"; };
		88C401B225B4479200143271 /* dark_icon-29@2x.png */ = {isa = PBXFileReference; lastKnownFileType = image.png; path = "dark_icon-29@2x.png"; sourceTree = "<group>"; };
		88C401B325B4479200143271 /* dark_icon-20@2x~ipad.png */ = {isa = PBXFileReference; lastKnownFileType = image.png; path = "dark_icon-20@2x~ipad.png"; sourceTree = "<group>"; };
		88C401B425B4479200143271 /* dark_icon@2x.png */ = {isa = PBXFileReference; lastKnownFileType = image.png; path = "dark_icon@2x.png"; sourceTree = "<group>"; };
		88C401B525B4479200143271 /* dark_icon-29@2x~ipad.png */ = {isa = PBXFileReference; lastKnownFileType = image.png; path = "dark_icon-29@2x~ipad.png"; sourceTree = "<group>"; };
		88C401B625B4479300143271 /* dark_icon-83.5@2x~ipad.png */ = {isa = PBXFileReference; lastKnownFileType = image.png; path = "dark_icon-83.5@2x~ipad.png"; sourceTree = "<group>"; };
		88C401B725B4479300143271 /* dark_icon~ios~marketing.png */ = {isa = PBXFileReference; lastKnownFileType = image.png; path = "dark_icon~ios~marketing.png"; sourceTree = "<group>"; };
		88C401B825B4479300143271 /* dark_icon~ipad.png */ = {isa = PBXFileReference; lastKnownFileType = image.png; path = "dark_icon~ipad.png"; sourceTree = "<group>"; };
		88C401B925B4479300143271 /* dark_icon-20@2x.png */ = {isa = PBXFileReference; lastKnownFileType = image.png; path = "dark_icon-20@2x.png"; sourceTree = "<group>"; };
		88CD2CC7259AD35500C06B13 /* TutorialView.swift */ = {isa = PBXFileReference; lastKnownFileType = sourcecode.swift; path = TutorialView.swift; sourceTree = "<group>"; };
		88CD2CD1259AD84700C06B13 /* TutorialView.xib */ = {isa = PBXFileReference; lastKnownFileType = file.xib; path = TutorialView.xib; sourceTree = "<group>"; };
		88D11F7D257B1CD30040C61F /* MTSlideToOpenView.swift */ = {isa = PBXFileReference; fileEncoding = 4; lastKnownFileType = sourcecode.swift; path = MTSlideToOpenView.swift; sourceTree = "<group>"; };
		88FC5170259D66C50045B20A /* GoogleService-Info.plist */ = {isa = PBXFileReference; fileEncoding = 4; lastKnownFileType = text.plist.xml; path = "GoogleService-Info.plist"; sourceTree = "<group>"; };
		88FF492C25A21B3F007AC72A /* Habit Watch App.app */ = {isa = PBXFileReference; explicitFileType = wrapper.application; includeInIndex = 0; path = "Habit Watch App.app"; sourceTree = BUILT_PRODUCTS_DIR; };
		88FF492F25A21B3F007AC72A /* Base */ = {isa = PBXFileReference; lastKnownFileType = file.storyboard; name = Base; path = Base.lproj/Interface.storyboard; sourceTree = "<group>"; };
		88FF493125A21B40007AC72A /* Assets.xcassets */ = {isa = PBXFileReference; lastKnownFileType = folder.assetcatalog; path = Assets.xcassets; sourceTree = "<group>"; };
		88FF493325A21B40007AC72A /* Info.plist */ = {isa = PBXFileReference; lastKnownFileType = text.plist.xml; path = Info.plist; sourceTree = "<group>"; };
		88FF493825A21B40007AC72A /* Habit Watch App Extension.appex */ = {isa = PBXFileReference; explicitFileType = "wrapper.app-extension"; includeInIndex = 0; path = "Habit Watch App Extension.appex"; sourceTree = BUILT_PRODUCTS_DIR; };
		88FF493D25A21B40007AC72A /* InterfaceController.swift */ = {isa = PBXFileReference; lastKnownFileType = sourcecode.swift; path = InterfaceController.swift; sourceTree = "<group>"; };
		88FF493F25A21B40007AC72A /* ExtensionDelegate.swift */ = {isa = PBXFileReference; lastKnownFileType = sourcecode.swift; path = ExtensionDelegate.swift; sourceTree = "<group>"; };
		88FF494125A21B40007AC72A /* NotificationController.swift */ = {isa = PBXFileReference; lastKnownFileType = sourcecode.swift; path = NotificationController.swift; sourceTree = "<group>"; };
		88FF494325A21B40007AC72A /* ComplicationController.swift */ = {isa = PBXFileReference; lastKnownFileType = sourcecode.swift; path = ComplicationController.swift; sourceTree = "<group>"; };
		88FF494525A21B41007AC72A /* Assets.xcassets */ = {isa = PBXFileReference; lastKnownFileType = folder.assetcatalog; path = Assets.xcassets; sourceTree = "<group>"; };
		88FF494725A21B41007AC72A /* Info.plist */ = {isa = PBXFileReference; lastKnownFileType = text.plist.xml; path = Info.plist; sourceTree = "<group>"; };
		88FF494825A21B41007AC72A /* PushNotificationPayload.apns */ = {isa = PBXFileReference; lastKnownFileType = text; path = PushNotificationPayload.apns; sourceTree = "<group>"; };
		88FF496125A21DCC007AC72A /* Habit Watch App Extension.entitlements */ = {isa = PBXFileReference; lastKnownFileType = text.plist.entitlements; path = "Habit Watch App Extension.entitlements"; sourceTree = "<group>"; };
		88FF496825A2304C007AC72A /* RowController.swift */ = {isa = PBXFileReference; lastKnownFileType = sourcecode.swift; path = RowController.swift; sourceTree = "<group>"; };
		88FF499A25A28C0B007AC72A /* ExpandedView.swift */ = {isa = PBXFileReference; lastKnownFileType = sourcecode.swift; name = ExpandedView.swift; path = ../../../../Documents/ExpandedView.swift; sourceTree = "<group>"; };
		900B18439F79217A30D65177 /* Pods_Simple_Habit_TrackerTests.framework */ = {isa = PBXFileReference; explicitFileType = wrapper.framework; includeInIndex = 0; path = Pods_Simple_Habit_TrackerTests.framework; sourceTree = BUILT_PRODUCTS_DIR; };
		AEA62040D1D65AE887DD58FF /* Pods-Habit WidgetExtension.release.xcconfig */ = {isa = PBXFileReference; includeInIndex = 1; lastKnownFileType = text.xcconfig; name = "Pods-Habit WidgetExtension.release.xcconfig"; path = "Target Support Files/Pods-Habit WidgetExtension/Pods-Habit WidgetExtension.release.xcconfig"; sourceTree = "<group>"; };
		C85F613899676357D7203639 /* Pods_Habit_WidgetExtension.framework */ = {isa = PBXFileReference; explicitFileType = wrapper.framework; includeInIndex = 0; path = Pods_Habit_WidgetExtension.framework; sourceTree = BUILT_PRODUCTS_DIR; };
		C8BD656F31DD12FEC6A717B2 /* Pods-Simple Habit Tracker.release.xcconfig */ = {isa = PBXFileReference; includeInIndex = 1; lastKnownFileType = text.xcconfig; name = "Pods-Simple Habit Tracker.release.xcconfig"; path = "Target Support Files/Pods-Simple Habit Tracker/Pods-Simple Habit Tracker.release.xcconfig"; sourceTree = "<group>"; };
		DF8DF05DA195A724060AB110 /* Pods-Simple Habit Tracker.debug.xcconfig */ = {isa = PBXFileReference; includeInIndex = 1; lastKnownFileType = text.xcconfig; name = "Pods-Simple Habit Tracker.debug.xcconfig"; path = "Target Support Files/Pods-Simple Habit Tracker/Pods-Simple Habit Tracker.debug.xcconfig"; sourceTree = "<group>"; };
		E4BA9C7904EF879427D26492 /* Pods-Simple Habit Tracker-Simple Habit TrackerUITests.debug.xcconfig */ = {isa = PBXFileReference; includeInIndex = 1; lastKnownFileType = text.xcconfig; name = "Pods-Simple Habit Tracker-Simple Habit TrackerUITests.debug.xcconfig"; path = "Target Support Files/Pods-Simple Habit Tracker-Simple Habit TrackerUITests/Pods-Simple Habit Tracker-Simple Habit TrackerUITests.debug.xcconfig"; sourceTree = "<group>"; };
/* End PBXFileReference section */

/* Begin PBXFrameworksBuildPhase section */
		88A2ADFD2585D207005D7753 /* Frameworks */ = {
			isa = PBXFrameworksBuildPhase;
			buildActionMask = 2147483647;
			files = (
				88A2AE052585D207005D7753 /* SwiftUI.framework in Frameworks */,
				88A2AE032585D207005D7753 /* WidgetKit.framework in Frameworks */,
				0D8A9FDADCFA15A729D74135 /* Pods_Habit_WidgetExtension.framework in Frameworks */,
			);
			runOnlyForDeploymentPostprocessing = 0;
		};
		88B5595025785E4B00D64D1A /* Frameworks */ = {
			isa = PBXFrameworksBuildPhase;
			buildActionMask = 2147483647;
			files = (
				B95E7DDAA42A921A1A2E0507 /* Pods_Simple_Habit_Tracker.framework in Frameworks */,
			);
			runOnlyForDeploymentPostprocessing = 0;
		};
		88B5596625785E4D00D64D1A /* Frameworks */ = {
			isa = PBXFrameworksBuildPhase;
			buildActionMask = 2147483647;
			files = (
				AA8A63B6C78F6DC896F7B437 /* Pods_Simple_Habit_TrackerTests.framework in Frameworks */,
			);
			runOnlyForDeploymentPostprocessing = 0;
		};
		88B5597125785E4D00D64D1A /* Frameworks */ = {
			isa = PBXFrameworksBuildPhase;
			buildActionMask = 2147483647;
			files = (
				0187129CE1876FAB0B5D98BE /* Pods_Simple_Habit_Tracker_Simple_Habit_TrackerUITests.framework in Frameworks */,
			);
			runOnlyForDeploymentPostprocessing = 0;
		};
		88FF493525A21B40007AC72A /* Frameworks */ = {
			isa = PBXFrameworksBuildPhase;
			buildActionMask = 2147483647;
			files = (
			);
			runOnlyForDeploymentPostprocessing = 0;
		};
/* End PBXFrameworksBuildPhase section */

/* Begin PBXGroup section */
		63E48696AD4D099CBF0EAE70 /* Pods */ = {
			isa = PBXGroup;
			children = (
				2E3BCBEDACE2E4DDAA824DF4 /* Pods-Habit WidgetExtension.debug.xcconfig */,
				AEA62040D1D65AE887DD58FF /* Pods-Habit WidgetExtension.release.xcconfig */,
				DF8DF05DA195A724060AB110 /* Pods-Simple Habit Tracker.debug.xcconfig */,
				C8BD656F31DD12FEC6A717B2 /* Pods-Simple Habit Tracker.release.xcconfig */,
				E4BA9C7904EF879427D26492 /* Pods-Simple Habit Tracker-Simple Habit TrackerUITests.debug.xcconfig */,
				6F58EC629994C7182253E577 /* Pods-Simple Habit Tracker-Simple Habit TrackerUITests.release.xcconfig */,
				07C133582945229C9D54A61C /* Pods-Simple Habit TrackerTests.debug.xcconfig */,
				2FFC22E950F0FEAE82C4B755 /* Pods-Simple Habit TrackerTests.release.xcconfig */,
			);
			path = Pods;
			sourceTree = "<group>";
		};
		888CD4E425A3C774007B237C /* Sounds */ = {
			isa = PBXGroup;
			children = (
				888CD50D25A3CF71007B237C /* tickSound.mp3 */,
			);
			path = Sounds;
			sourceTree = "<group>";
		};
		889A05A12590422300A7EABF /* Alternate Icons */ = {
			isa = PBXGroup;
			children = (
				88C401B925B4479300143271 /* dark_icon-20@2x.png */,
				88C401B325B4479200143271 /* dark_icon-20@2x~ipad.png */,
				88C401AF25B4479100143271 /* dark_icon-20@3x.png */,
				88C401A925B4479100143271 /* dark_icon-20~ipad.png */,
				88C401B225B4479200143271 /* dark_icon-29@2x.png */,
				88C401B525B4479200143271 /* dark_icon-29@2x~ipad.png */,
				88C401AB25B4479100143271 /* dark_icon-29@3x.png */,
				88C401B125B4479200143271 /* dark_icon-29~ipad.png */,
				88C401B025B4479200143271 /* dark_icon-40@2x.png */,
				88C401AD25B4479100143271 /* dark_icon-40@2x~ipad.png */,
				88C401AE25B4479100143271 /* dark_icon-40@3x.png */,
				88C401AA25B4479100143271 /* dark_icon-40~ipad.png */,
				88C401B625B4479300143271 /* dark_icon-83.5@2x~ipad.png */,
				88C401B425B4479200143271 /* dark_icon@2x.png */,
				88C401A825B4479100143271 /* dark_icon@2x~ipad.png */,
				88C401AC25B4479100143271 /* dark_icon@3x.png */,
				88C401B725B4479300143271 /* dark_icon~ios~marketing.png */,
				88C401B825B4479300143271 /* dark_icon~ipad.png */,
			);
			path = "Alternate Icons";
			sourceTree = "<group>";
		};
		88A2AE012585D207005D7753 /* Frameworks */ = {
			isa = PBXGroup;
			children = (
				88A2AE022585D207005D7753 /* WidgetKit.framework */,
				88A2AE042585D207005D7753 /* SwiftUI.framework */,
				C85F613899676357D7203639 /* Pods_Habit_WidgetExtension.framework */,
				60AACA2C029DE4F90E9C2309 /* Pods_Simple_Habit_Tracker.framework */,
				37011245DB9486154EEC81A4 /* Pods_Simple_Habit_Tracker_Simple_Habit_TrackerUITests.framework */,
				900B18439F79217A30D65177 /* Pods_Simple_Habit_TrackerTests.framework */,
			);
			name = Frameworks;
			sourceTree = "<group>";
		};
		88A2AE062585D207005D7753 /* Habit Widget */ = {
			isa = PBXGroup;
			children = (
				88A2AE072585D207005D7753 /* Habit_Widget.swift */,
				88A2AE092585D207005D7753 /* Habit_Widget.intentdefinition */,
				88A2AE0A2585D209005D7753 /* Assets.xcassets */,
				88A2AE0C2585D209005D7753 /* Info.plist */,
			);
			path = "Habit Widget";
			sourceTree = "<group>";
		};
		88B5594A25785E4B00D64D1A = {
			isa = PBXGroup;
			children = (
				88B9709E2586E03100084C6E /* Habit WidgetExtension.entitlements */,
				88B5595525785E4B00D64D1A /* Simple Habit Tracker */,
				88B5596C25785E4D00D64D1A /* Simple Habit TrackerTests */,
				88B5597725785E4D00D64D1A /* Simple Habit TrackerUITests */,
				88A2AE062585D207005D7753 /* Habit Widget */,
				88FF492D25A21B3F007AC72A /* Habit Watch App */,
				88FF493C25A21B40007AC72A /* Habit Watch App Extension */,
				88A2AE012585D207005D7753 /* Frameworks */,
				88B5595425785E4B00D64D1A /* Products */,
				63E48696AD4D099CBF0EAE70 /* Pods */,
			);
			sourceTree = "<group>";
		};
		88B5595425785E4B00D64D1A /* Products */ = {
			isa = PBXGroup;
			children = (
				88B5595325785E4B00D64D1A /* Simple Habit Tracker.app */,
				88B5596925785E4D00D64D1A /* Simple Habit TrackerTests.xctest */,
				88B5597425785E4D00D64D1A /* Simple Habit TrackerUITests.xctest */,
				88A2AE002585D207005D7753 /* Habit WidgetExtension.appex */,
				88FF492C25A21B3F007AC72A /* Habit Watch App.app */,
				88FF493825A21B40007AC72A /* Habit Watch App Extension.appex */,
			);
			name = Products;
			sourceTree = "<group>";
		};
		88B5595525785E4B00D64D1A /* Simple Habit Tracker */ = {
			isa = PBXGroup;
			children = (
				888CD4E425A3C774007B237C /* Sounds */,
				88FC5170259D66C50045B20A /* GoogleService-Info.plist */,
				889A05A12590422300A7EABF /* Alternate Icons */,
				88B970992586E01F00084C6E /* Simple Habit Tracker.entitlements */,
				88D11F7D257B1CD30040C61F /* MTSlideToOpenView.swift */,
				88B5595625785E4B00D64D1A /* AppDelegate.swift */,
				88B5595825785E4B00D64D1A /* SceneDelegate.swift */,
				88B5595A25785E4B00D64D1A /* ViewController.swift */,
				88B5595C25785E4B00D64D1A /* Main.storyboard */,
				88B5595F25785E4C00D64D1A /* Assets.xcassets */,
				88B5596125785E4C00D64D1A /* LaunchScreen.storyboard */,
				88B5596425785E4C00D64D1A /* Info.plist */,
				8847771D2578963700999250 /* UIColor+Components.swift */,
				88B6C18C257B27580045D022 /* ConfettiType.swift */,
				8806A39E25A6361200D5797D /* DEBUG_CHEAT.xib */,
				8806A3A625A63AC200D5797D /* DEBUG_CHEAT.swift */,
				889A69B4257EC5360016D3D0 /* PresentationController.swift */,
				88A5320525901BE5008BD5E9 /* SettingsView.xib */,
				8821E632259FCE4A00A95261 /* AddHabitView.xib */,
				8821E63C259FD0D200A95261 /* scrollviewtest.xib */,
				88A5320F25901D9A008BD5E9 /* SettingsView.swift */,
				8802ED742585AB2200ABE4FF /* Images.bundle */,
				889A69BE257EC6B50016D3D0 /* AddHabitView.swift */,
				8845133225803337006F8BD0 /* ColorViewCell.xib */,
				8845133A258038A1006F8BD0 /* Colors.xcassets */,
				88CD2CD1259AD84700C06B13 /* TutorialView.xib */,
				88CD2CC7259AD35500C06B13 /* TutorialView.swift */,
				888CD51C25A3D1FA007B237C /* GSAudio.swift */,
			);
			path = "Simple Habit Tracker";
			sourceTree = "<group>";
		};
		88B5596C25785E4D00D64D1A /* Simple Habit TrackerTests */ = {
			isa = PBXGroup;
			children = (
				88B5596D25785E4D00D64D1A /* Simple_Habit_TrackerTests.swift */,
				88B5596F25785E4D00D64D1A /* Info.plist */,
			);
			path = "Simple Habit TrackerTests";
			sourceTree = "<group>";
		};
		88B5597725785E4D00D64D1A /* Simple Habit TrackerUITests */ = {
			isa = PBXGroup;
			children = (
				88B5597825785E4D00D64D1A /* Simple_Habit_TrackerUITests.swift */,
				88B5597A25785E4D00D64D1A /* Info.plist */,
			);
			path = "Simple Habit TrackerUITests";
			sourceTree = "<group>";
		};
		88FF492D25A21B3F007AC72A /* Habit Watch App */ = {
			isa = PBXGroup;
			children = (
				888CD51525A3D11C007B237C /* Habit Watch App.entitlements */,
				88FF492E25A21B3F007AC72A /* Interface.storyboard */,
				88FF493125A21B40007AC72A /* Assets.xcassets */,
				88FF493325A21B40007AC72A /* Info.plist */,
			);
			path = "Habit Watch App";
			sourceTree = "<group>";
		};
		88FF493C25A21B40007AC72A /* Habit Watch App Extension */ = {
			isa = PBXGroup;
			children = (
				88FF496125A21DCC007AC72A /* Habit Watch App Extension.entitlements */,
				88FF493D25A21B40007AC72A /* InterfaceController.swift */,
				88FF493F25A21B40007AC72A /* ExtensionDelegate.swift */,
				88FF494125A21B40007AC72A /* NotificationController.swift */,
				88FF494325A21B40007AC72A /* ComplicationController.swift */,
				88FF494525A21B41007AC72A /* Assets.xcassets */,
				88FF494725A21B41007AC72A /* Info.plist */,
				88FF494825A21B41007AC72A /* PushNotificationPayload.apns */,
				88FF496825A2304C007AC72A /* RowController.swift */,
				88FF499A25A28C0B007AC72A /* ExpandedView.swift */,
			);
			path = "Habit Watch App Extension";
			sourceTree = "<group>";
		};
/* End PBXGroup section */

/* Begin PBXNativeTarget section */
		88A2ADFF2585D207005D7753 /* Habit WidgetExtension */ = {
			isa = PBXNativeTarget;
			buildConfigurationList = 88A2AE152585D209005D7753 /* Build configuration list for PBXNativeTarget "Habit WidgetExtension" */;
			buildPhases = (
				61A467C58BC6C1450D152270 /* [CP] Check Pods Manifest.lock */,
				88A2ADFC2585D207005D7753 /* Sources */,
				88A2ADFD2585D207005D7753 /* Frameworks */,
				88A2ADFE2585D207005D7753 /* Resources */,
			);
			buildRules = (
			);
			dependencies = (
			);
			name = "Habit WidgetExtension";
			productName = "Habit WidgetExtension";
			productReference = 88A2AE002585D207005D7753 /* Habit WidgetExtension.appex */;
			productType = "com.apple.product-type.app-extension";
		};
		88B5595225785E4B00D64D1A /* Simple Habit Tracker */ = {
			isa = PBXNativeTarget;
			buildConfigurationList = 88B5597D25785E4D00D64D1A /* Build configuration list for PBXNativeTarget "Simple Habit Tracker" */;
			buildPhases = (
				F4D15A6AF26FC52B03A2CE9D /* [CP] Check Pods Manifest.lock */,
				88B5594F25785E4B00D64D1A /* Sources */,
				88B5595025785E4B00D64D1A /* Frameworks */,
				88B5595125785E4B00D64D1A /* Resources */,
				88A2AE122585D209005D7753 /* Embed App Extensions */,
				986D72E2C75E20444A52B0DB /* [CP] Embed Pods Frameworks */,
				88FC5176259D68130045B20A /* ShellScript */,
				88FF494C25A21B41007AC72A /* Embed Watch Content */,
			);
			buildRules = (
			);
			dependencies = (
				888CD57725A3FAEE007B237C /* PBXTargetDependency */,
			);
			name = "Simple Habit Tracker";
			productName = "Simple Habit Tracker";
			productReference = 88B5595325785E4B00D64D1A /* Simple Habit Tracker.app */;
			productType = "com.apple.product-type.application";
		};
		88B5596825785E4D00D64D1A /* Simple Habit TrackerTests */ = {
			isa = PBXNativeTarget;
			buildConfigurationList = 88B5598025785E4D00D64D1A /* Build configuration list for PBXNativeTarget "Simple Habit TrackerTests" */;
			buildPhases = (
				6030993612EA24E6E14D5972 /* [CP] Check Pods Manifest.lock */,
				88B5596525785E4D00D64D1A /* Sources */,
				88B5596625785E4D00D64D1A /* Frameworks */,
				88B5596725785E4D00D64D1A /* Resources */,
			);
			buildRules = (
			);
			dependencies = (
				88B5596B25785E4D00D64D1A /* PBXTargetDependency */,
			);
			name = "Simple Habit TrackerTests";
			productName = "Simple Habit TrackerTests";
			productReference = 88B5596925785E4D00D64D1A /* Simple Habit TrackerTests.xctest */;
			productType = "com.apple.product-type.bundle.unit-test";
		};
		88B5597325785E4D00D64D1A /* Simple Habit TrackerUITests */ = {
			isa = PBXNativeTarget;
			buildConfigurationList = 88B5598325785E4D00D64D1A /* Build configuration list for PBXNativeTarget "Simple Habit TrackerUITests" */;
			buildPhases = (
				DF01A28ECDBAE3E36E125A77 /* [CP] Check Pods Manifest.lock */,
				88B5597025785E4D00D64D1A /* Sources */,
				88B5597125785E4D00D64D1A /* Frameworks */,
				88B5597225785E4D00D64D1A /* Resources */,
				0B4C5828111F93BB81299592 /* [CP] Embed Pods Frameworks */,
			);
			buildRules = (
			);
			dependencies = (
				88B5597625785E4D00D64D1A /* PBXTargetDependency */,
			);
			name = "Simple Habit TrackerUITests";
			productName = "Simple Habit TrackerUITests";
			productReference = 88B5597425785E4D00D64D1A /* Simple Habit TrackerUITests.xctest */;
			productType = "com.apple.product-type.bundle.ui-testing";
		};
		88FF492B25A21B3F007AC72A /* Habit Watch App */ = {
			isa = PBXNativeTarget;
			buildConfigurationList = 88FF495325A21B41007AC72A /* Build configuration list for PBXNativeTarget "Habit Watch App" */;
			buildPhases = (
				88FF492A25A21B3F007AC72A /* Resources */,
				88FF494F25A21B41007AC72A /* Embed App Extensions */,
			);
			buildRules = (
			);
			dependencies = (
				88FF493B25A21B40007AC72A /* PBXTargetDependency */,
			);
			name = "Habit Watch App";
			productName = "Habit Watch App";
			productReference = 88FF492C25A21B3F007AC72A /* Habit Watch App.app */;
			productType = "com.apple.product-type.application.watchapp2";
		};
		88FF493725A21B40007AC72A /* Habit Watch App Extension */ = {
			isa = PBXNativeTarget;
			buildConfigurationList = 88FF495225A21B41007AC72A /* Build configuration list for PBXNativeTarget "Habit Watch App Extension" */;
			buildPhases = (
				88FF493425A21B40007AC72A /* Sources */,
				88FF493525A21B40007AC72A /* Frameworks */,
				88FF493625A21B40007AC72A /* Resources */,
			);
			buildRules = (
			);
			dependencies = (
			);
			name = "Habit Watch App Extension";
			productName = "Habit Watch App Extension";
			productReference = 88FF493825A21B40007AC72A /* Habit Watch App Extension.appex */;
			productType = "com.apple.product-type.watchkit2-extension";
		};
/* End PBXNativeTarget section */

/* Begin PBXProject section */
		88B5594B25785E4B00D64D1A /* Project object */ = {
			isa = PBXProject;
			attributes = {
				LastSwiftUpdateCheck = 1220;
				LastUpgradeCheck = 1220;
				TargetAttributes = {
					88A2ADFF2585D207005D7753 = {
						CreatedOnToolsVersion = 12.2;
					};
					88B5595225785E4B00D64D1A = {
						CreatedOnToolsVersion = 12.2;
					};
					88B5596825785E4D00D64D1A = {
						CreatedOnToolsVersion = 12.2;
						TestTargetID = 88B5595225785E4B00D64D1A;
					};
					88B5597325785E4D00D64D1A = {
						CreatedOnToolsVersion = 12.2;
						TestTargetID = 88B5595225785E4B00D64D1A;
					};
					88FF492B25A21B3F007AC72A = {
						CreatedOnToolsVersion = 12.2;
					};
					88FF493725A21B40007AC72A = {
						CreatedOnToolsVersion = 12.2;
					};
				};
			};
			buildConfigurationList = 88B5594E25785E4B00D64D1A /* Build configuration list for PBXProject "Simple Habit Tracker" */;
			compatibilityVersion = "Xcode 9.3";
			developmentRegion = en;
			hasScannedForEncodings = 0;
			knownRegions = (
				en,
				Base,
			);
			mainGroup = 88B5594A25785E4B00D64D1A;
			productRefGroup = 88B5595425785E4B00D64D1A /* Products */;
			projectDirPath = "";
			projectRoot = "";
			targets = (
				88B5595225785E4B00D64D1A /* Simple Habit Tracker */,
				88B5596825785E4D00D64D1A /* Simple Habit TrackerTests */,
				88B5597325785E4D00D64D1A /* Simple Habit TrackerUITests */,
				88A2ADFF2585D207005D7753 /* Habit WidgetExtension */,
				88FF492B25A21B3F007AC72A /* Habit Watch App */,
				88FF493725A21B40007AC72A /* Habit Watch App Extension */,
			);
		};
/* End PBXProject section */

/* Begin PBXResourcesBuildPhase section */
		88A2ADFE2585D207005D7753 /* Resources */ = {
			isa = PBXResourcesBuildPhase;
			buildActionMask = 2147483647;
			files = (
				88A2AE0B2585D209005D7753 /* Assets.xcassets in Resources */,
			);
			runOnlyForDeploymentPostprocessing = 0;
		};
		88B5595125785E4B00D64D1A /* Resources */ = {
			isa = PBXResourcesBuildPhase;
			buildActionMask = 2147483647;
			files = (
				88B5596325785E4C00D64D1A /* LaunchScreen.storyboard in Resources */,
				8845133325803337006F8BD0 /* ColorViewCell.xib in Resources */,
				88C401C425B4479300143271 /* dark_icon-29@2x.png in Resources */,
				88C401C625B4479300143271 /* dark_icon@2x.png in Resources */,
				88C401CB25B4479300143271 /* dark_icon-20@2x.png in Resources */,
				8802ED752585AB2200ABE4FF /* Images.bundle in Resources */,
				88CD2CD2259AD84700C06B13 /* TutorialView.xib in Resources */,
				88C401C025B4479300143271 /* dark_icon-40@3x.png in Resources */,
				88C401BA25B4479300143271 /* dark_icon@2x~ipad.png in Resources */,
				8845133B258038A1006F8BD0 /* Colors.xcassets in Resources */,
				88C401C525B4479300143271 /* dark_icon-20@2x~ipad.png in Resources */,
				88A5320625901BE5008BD5E9 /* SettingsView.xib in Resources */,
				88FC5171259D66C50045B20A /* GoogleService-Info.plist in Resources */,
				88C401C225B4479300143271 /* dark_icon-40@2x.png in Resources */,
				88C401BE25B4479300143271 /* dark_icon@3x.png in Resources */,
				8821E63D259FD0D200A95261 /* scrollviewtest.xib in Resources */,
				88C401BF25B4479300143271 /* dark_icon-40@2x~ipad.png in Resources */,
				88B5596025785E4C00D64D1A /* Assets.xcassets in Resources */,
				88C401C725B4479300143271 /* dark_icon-29@2x~ipad.png in Resources */,
				8806A39F25A6361200D5797D /* DEBUG_CHEAT.xib in Resources */,
				88B5595E25785E4B00D64D1A /* Main.storyboard in Resources */,
				88C401C825B4479300143271 /* dark_icon-83.5@2x~ipad.png in Resources */,
				88C401BD25B4479300143271 /* dark_icon-29@3x.png in Resources */,
				88C401BB25B4479300143271 /* dark_icon-20~ipad.png in Resources */,
				88C401C925B4479300143271 /* dark_icon~ios~marketing.png in Resources */,
				8821E633259FCE4A00A95261 /* AddHabitView.xib in Resources */,
				888CD50E25A3CF71007B237C /* tickSound.mp3 in Resources */,
				88C401C325B4479300143271 /* dark_icon-29~ipad.png in Resources */,
				88C401C125B4479300143271 /* dark_icon-20@3x.png in Resources */,
				88C401BC25B4479300143271 /* dark_icon-40~ipad.png in Resources */,
				88C401CA25B4479300143271 /* dark_icon~ipad.png in Resources */,
			);
			runOnlyForDeploymentPostprocessing = 0;
		};
		88B5596725785E4D00D64D1A /* Resources */ = {
			isa = PBXResourcesBuildPhase;
			buildActionMask = 2147483647;
			files = (
			);
			runOnlyForDeploymentPostprocessing = 0;
		};
		88B5597225785E4D00D64D1A /* Resources */ = {
			isa = PBXResourcesBuildPhase;
			buildActionMask = 2147483647;
			files = (
			);
			runOnlyForDeploymentPostprocessing = 0;
		};
		88FF492A25A21B3F007AC72A /* Resources */ = {
			isa = PBXResourcesBuildPhase;
			buildActionMask = 2147483647;
			files = (
				88FF493225A21B40007AC72A /* Assets.xcassets in Resources */,
				88FF493025A21B3F007AC72A /* Interface.storyboard in Resources */,
			);
			runOnlyForDeploymentPostprocessing = 0;
		};
		88FF493625A21B40007AC72A /* Resources */ = {
			isa = PBXResourcesBuildPhase;
			buildActionMask = 2147483647;
			files = (
				88FF494625A21B41007AC72A /* Assets.xcassets in Resources */,
			);
			runOnlyForDeploymentPostprocessing = 0;
		};
/* End PBXResourcesBuildPhase section */

/* Begin PBXShellScriptBuildPhase section */
		0B4C5828111F93BB81299592 /* [CP] Embed Pods Frameworks */ = {
			isa = PBXShellScriptBuildPhase;
			buildActionMask = 2147483647;
			files = (
			);
			inputFileListPaths = (
				"${PODS_ROOT}/Target Support Files/Pods-Simple Habit Tracker-Simple Habit TrackerUITests/Pods-Simple Habit Tracker-Simple Habit TrackerUITests-frameworks-${CONFIGURATION}-input-files.xcfilelist",
			);
			name = "[CP] Embed Pods Frameworks";
			outputFileListPaths = (
				"${PODS_ROOT}/Target Support Files/Pods-Simple Habit Tracker-Simple Habit TrackerUITests/Pods-Simple Habit Tracker-Simple Habit TrackerUITests-frameworks-${CONFIGURATION}-output-files.xcfilelist",
			);
			runOnlyForDeploymentPostprocessing = 0;
			shellPath = /bin/sh;
			shellScript = "\"${PODS_ROOT}/Target Support Files/Pods-Simple Habit Tracker-Simple Habit TrackerUITests/Pods-Simple Habit Tracker-Simple Habit TrackerUITests-frameworks.sh\"\n";
			showEnvVarsInLog = 0;
		};
		6030993612EA24E6E14D5972 /* [CP] Check Pods Manifest.lock */ = {
			isa = PBXShellScriptBuildPhase;
			buildActionMask = 2147483647;
			files = (
			);
			inputFileListPaths = (
			);
			inputPaths = (
				"${PODS_PODFILE_DIR_PATH}/Podfile.lock",
				"${PODS_ROOT}/Manifest.lock",
			);
			name = "[CP] Check Pods Manifest.lock";
			outputFileListPaths = (
			);
			outputPaths = (
				"$(DERIVED_FILE_DIR)/Pods-Simple Habit TrackerTests-checkManifestLockResult.txt",
			);
			runOnlyForDeploymentPostprocessing = 0;
			shellPath = /bin/sh;
			shellScript = "diff \"${PODS_PODFILE_DIR_PATH}/Podfile.lock\" \"${PODS_ROOT}/Manifest.lock\" > /dev/null\nif [ $? != 0 ] ; then\n    # print error to STDERR\n    echo \"error: The sandbox is not in sync with the Podfile.lock. Run 'pod install' or update your CocoaPods installation.\" >&2\n    exit 1\nfi\n# This output is used by Xcode 'outputs' to avoid re-running this script phase.\necho \"SUCCESS\" > \"${SCRIPT_OUTPUT_FILE_0}\"\n";
			showEnvVarsInLog = 0;
		};
		61A467C58BC6C1450D152270 /* [CP] Check Pods Manifest.lock */ = {
			isa = PBXShellScriptBuildPhase;
			buildActionMask = 2147483647;
			files = (
			);
			inputFileListPaths = (
			);
			inputPaths = (
				"${PODS_PODFILE_DIR_PATH}/Podfile.lock",
				"${PODS_ROOT}/Manifest.lock",
			);
			name = "[CP] Check Pods Manifest.lock";
			outputFileListPaths = (
			);
			outputPaths = (
				"$(DERIVED_FILE_DIR)/Pods-Habit WidgetExtension-checkManifestLockResult.txt",
			);
			runOnlyForDeploymentPostprocessing = 0;
			shellPath = /bin/sh;
			shellScript = "diff \"${PODS_PODFILE_DIR_PATH}/Podfile.lock\" \"${PODS_ROOT}/Manifest.lock\" > /dev/null\nif [ $? != 0 ] ; then\n    # print error to STDERR\n    echo \"error: The sandbox is not in sync with the Podfile.lock. Run 'pod install' or update your CocoaPods installation.\" >&2\n    exit 1\nfi\n# This output is used by Xcode 'outputs' to avoid re-running this script phase.\necho \"SUCCESS\" > \"${SCRIPT_OUTPUT_FILE_0}\"\n";
			showEnvVarsInLog = 0;
		};
		88FC5176259D68130045B20A /* ShellScript */ = {
			isa = PBXShellScriptBuildPhase;
			buildActionMask = 2147483647;
			files = (
			);
			inputFileListPaths = (
			);
			inputPaths = (
			);
			outputFileListPaths = (
			);
			outputPaths = (
			);
			runOnlyForDeploymentPostprocessing = 0;
			shellPath = /bin/sh;
			shellScript = "\"${PODS_ROOT}/FirebaseCrashlytics/run\"\n";
		};
		986D72E2C75E20444A52B0DB /* [CP] Embed Pods Frameworks */ = {
			isa = PBXShellScriptBuildPhase;
			buildActionMask = 2147483647;
			files = (
			);
			inputFileListPaths = (
				"${PODS_ROOT}/Target Support Files/Pods-Simple Habit Tracker/Pods-Simple Habit Tracker-frameworks-${CONFIGURATION}-input-files.xcfilelist",
			);
			name = "[CP] Embed Pods Frameworks";
			outputFileListPaths = (
				"${PODS_ROOT}/Target Support Files/Pods-Simple Habit Tracker/Pods-Simple Habit Tracker-frameworks-${CONFIGURATION}-output-files.xcfilelist",
			);
			runOnlyForDeploymentPostprocessing = 0;
			shellPath = /bin/sh;
			shellScript = "\"${PODS_ROOT}/Target Support Files/Pods-Simple Habit Tracker/Pods-Simple Habit Tracker-frameworks.sh\"\n";
			showEnvVarsInLog = 0;
		};
		DF01A28ECDBAE3E36E125A77 /* [CP] Check Pods Manifest.lock */ = {
			isa = PBXShellScriptBuildPhase;
			buildActionMask = 2147483647;
			files = (
			);
			inputFileListPaths = (
			);
			inputPaths = (
				"${PODS_PODFILE_DIR_PATH}/Podfile.lock",
				"${PODS_ROOT}/Manifest.lock",
			);
			name = "[CP] Check Pods Manifest.lock";
			outputFileListPaths = (
			);
			outputPaths = (
				"$(DERIVED_FILE_DIR)/Pods-Simple Habit Tracker-Simple Habit TrackerUITests-checkManifestLockResult.txt",
			);
			runOnlyForDeploymentPostprocessing = 0;
			shellPath = /bin/sh;
			shellScript = "diff \"${PODS_PODFILE_DIR_PATH}/Podfile.lock\" \"${PODS_ROOT}/Manifest.lock\" > /dev/null\nif [ $? != 0 ] ; then\n    # print error to STDERR\n    echo \"error: The sandbox is not in sync with the Podfile.lock. Run 'pod install' or update your CocoaPods installation.\" >&2\n    exit 1\nfi\n# This output is used by Xcode 'outputs' to avoid re-running this script phase.\necho \"SUCCESS\" > \"${SCRIPT_OUTPUT_FILE_0}\"\n";
			showEnvVarsInLog = 0;
		};
		F4D15A6AF26FC52B03A2CE9D /* [CP] Check Pods Manifest.lock */ = {
			isa = PBXShellScriptBuildPhase;
			buildActionMask = 2147483647;
			files = (
			);
			inputFileListPaths = (
			);
			inputPaths = (
				"${PODS_PODFILE_DIR_PATH}/Podfile.lock",
				"${PODS_ROOT}/Manifest.lock",
			);
			name = "[CP] Check Pods Manifest.lock";
			outputFileListPaths = (
			);
			outputPaths = (
				"$(DERIVED_FILE_DIR)/Pods-Simple Habit Tracker-checkManifestLockResult.txt",
			);
			runOnlyForDeploymentPostprocessing = 0;
			shellPath = /bin/sh;
			shellScript = "diff \"${PODS_PODFILE_DIR_PATH}/Podfile.lock\" \"${PODS_ROOT}/Manifest.lock\" > /dev/null\nif [ $? != 0 ] ; then\n    # print error to STDERR\n    echo \"error: The sandbox is not in sync with the Podfile.lock. Run 'pod install' or update your CocoaPods installation.\" >&2\n    exit 1\nfi\n# This output is used by Xcode 'outputs' to avoid re-running this script phase.\necho \"SUCCESS\" > \"${SCRIPT_OUTPUT_FILE_0}\"\n";
			showEnvVarsInLog = 0;
		};
/* End PBXShellScriptBuildPhase section */

/* Begin PBXSourcesBuildPhase section */
		88A2ADFC2585D207005D7753 /* Sources */ = {
			isa = PBXSourcesBuildPhase;
			buildActionMask = 2147483647;
			files = (
				88A2AE082585D207005D7753 /* Habit_Widget.swift in Sources */,
				88A2AE0D2585D209005D7753 /* Habit_Widget.intentdefinition in Sources */,
			);
			runOnlyForDeploymentPostprocessing = 0;
		};
		88B5594F25785E4B00D64D1A /* Sources */ = {
			isa = PBXSourcesBuildPhase;
			buildActionMask = 2147483647;
			files = (
				88A2AE0E2585D209005D7753 /* Habit_Widget.intentdefinition in Sources */,
				88D11F7E257B1CD30040C61F /* MTSlideToOpenView.swift in Sources */,
				889A69BF257EC6B50016D3D0 /* AddHabitView.swift in Sources */,
				88B5595B25785E4B00D64D1A /* ViewController.swift in Sources */,
				889A69B5257EC5360016D3D0 /* PresentationController.swift in Sources */,
				88A5321025901D9A008BD5E9 /* SettingsView.swift in Sources */,
				88B5595725785E4B00D64D1A /* AppDelegate.swift in Sources */,
				88CD2CC8259AD35500C06B13 /* TutorialView.swift in Sources */,
				888CD51D25A3D1FA007B237C /* GSAudio.swift in Sources */,
				8847771E2578963700999250 /* UIColor+Components.swift in Sources */,
				8806A3A725A63AC200D5797D /* DEBUG_CHEAT.swift in Sources */,
				88B5595925785E4B00D64D1A /* SceneDelegate.swift in Sources */,
				88B6C18D257B27580045D022 /* ConfettiType.swift in Sources */,
			);
			runOnlyForDeploymentPostprocessing = 0;
		};
		88B5596525785E4D00D64D1A /* Sources */ = {
			isa = PBXSourcesBuildPhase;
			buildActionMask = 2147483647;
			files = (
				88B5596E25785E4D00D64D1A /* Simple_Habit_TrackerTests.swift in Sources */,
			);
			runOnlyForDeploymentPostprocessing = 0;
		};
		88B5597025785E4D00D64D1A /* Sources */ = {
			isa = PBXSourcesBuildPhase;
			buildActionMask = 2147483647;
			files = (
				88B5597925785E4D00D64D1A /* Simple_Habit_TrackerUITests.swift in Sources */,
			);
			runOnlyForDeploymentPostprocessing = 0;
		};
		88FF493425A21B40007AC72A /* Sources */ = {
			isa = PBXSourcesBuildPhase;
			buildActionMask = 2147483647;
			files = (
				88FF496925A2304C007AC72A /* RowController.swift in Sources */,
				88FF494225A21B40007AC72A /* NotificationController.swift in Sources */,
				88FF494425A21B40007AC72A /* ComplicationController.swift in Sources */,
				88FF494025A21B40007AC72A /* ExtensionDelegate.swift in Sources */,
				88FF493E25A21B40007AC72A /* InterfaceController.swift in Sources */,
				88FF499B25A28C0B007AC72A /* ExpandedView.swift in Sources */,
			);
			runOnlyForDeploymentPostprocessing = 0;
		};
/* End PBXSourcesBuildPhase section */

/* Begin PBXTargetDependency section */
		888CD57725A3FAEE007B237C /* PBXTargetDependency */ = {
			isa = PBXTargetDependency;
			target = 88A2ADFF2585D207005D7753 /* Habit WidgetExtension */;
			targetProxy = 888CD57625A3FAEE007B237C /* PBXContainerItemProxy */;
		};
		88B5596B25785E4D00D64D1A /* PBXTargetDependency */ = {
			isa = PBXTargetDependency;
			target = 88B5595225785E4B00D64D1A /* Simple Habit Tracker */;
			targetProxy = 88B5596A25785E4D00D64D1A /* PBXContainerItemProxy */;
		};
		88B5597625785E4D00D64D1A /* PBXTargetDependency */ = {
			isa = PBXTargetDependency;
			target = 88B5595225785E4B00D64D1A /* Simple Habit Tracker */;
			targetProxy = 88B5597525785E4D00D64D1A /* PBXContainerItemProxy */;
		};
		88FF493B25A21B40007AC72A /* PBXTargetDependency */ = {
			isa = PBXTargetDependency;
			target = 88FF493725A21B40007AC72A /* Habit Watch App Extension */;
			targetProxy = 88FF493A25A21B40007AC72A /* PBXContainerItemProxy */;
		};
/* End PBXTargetDependency section */

/* Begin PBXVariantGroup section */
		88B5595C25785E4B00D64D1A /* Main.storyboard */ = {
			isa = PBXVariantGroup;
			children = (
				88B5595D25785E4B00D64D1A /* Base */,
			);
			name = Main.storyboard;
			sourceTree = "<group>";
		};
		88B5596125785E4C00D64D1A /* LaunchScreen.storyboard */ = {
			isa = PBXVariantGroup;
			children = (
				88B5596225785E4C00D64D1A /* Base */,
			);
			name = LaunchScreen.storyboard;
			sourceTree = "<group>";
		};
		88FF492E25A21B3F007AC72A /* Interface.storyboard */ = {
			isa = PBXVariantGroup;
			children = (
				88FF492F25A21B3F007AC72A /* Base */,
			);
			name = Interface.storyboard;
			sourceTree = "<group>";
		};
/* End PBXVariantGroup section */

/* Begin XCBuildConfiguration section */
		88A2AE132585D209005D7753 /* Debug */ = {
			isa = XCBuildConfiguration;
			baseConfigurationReference = 2E3BCBEDACE2E4DDAA824DF4 /* Pods-Habit WidgetExtension.debug.xcconfig */;
			buildSettings = {
				ASSETCATALOG_COMPILER_GLOBAL_ACCENT_COLOR_NAME = AccentColor;
				ASSETCATALOG_COMPILER_WIDGET_BACKGROUND_COLOR_NAME = WidgetBackground;
				CODE_SIGN_ENTITLEMENTS = "Habit WidgetExtension.entitlements";
				CODE_SIGN_STYLE = Automatic;
				CURRENT_PROJECT_VERSION = 8;
				DEVELOPMENT_TEAM = AYPPAXMRMG;
				INFOPLIST_FILE = "Habit Widget/Info.plist";
				IPHONEOS_DEPLOYMENT_TARGET = 14.0;
				LD_RUNPATH_SEARCH_PATHS = (
					"$(inherited)",
					"@executable_path/Frameworks",
					"@executable_path/../../Frameworks",
				);
				MARKETING_VERSION = 1.041;
				PRODUCT_BUNDLE_IDENTIFIER = "com.Grant151.habit-tracker.widget";
				PRODUCT_NAME = "$(TARGET_NAME)";
				SKIP_INSTALL = YES;
				SWIFT_VERSION = 5.0;
				TARGETED_DEVICE_FAMILY = 1;
			};
			name = Debug;
		};
		88A2AE142585D209005D7753 /* Release */ = {
			isa = XCBuildConfiguration;
			baseConfigurationReference = AEA62040D1D65AE887DD58FF /* Pods-Habit WidgetExtension.release.xcconfig */;
			buildSettings = {
				ASSETCATALOG_COMPILER_GLOBAL_ACCENT_COLOR_NAME = AccentColor;
				ASSETCATALOG_COMPILER_WIDGET_BACKGROUND_COLOR_NAME = WidgetBackground;
				CODE_SIGN_ENTITLEMENTS = "Habit WidgetExtension.entitlements";
				CODE_SIGN_STYLE = Automatic;
				CURRENT_PROJECT_VERSION = 8;
				DEVELOPMENT_TEAM = AYPPAXMRMG;
				INFOPLIST_FILE = "Habit Widget/Info.plist";
				IPHONEOS_DEPLOYMENT_TARGET = 14.0;
				LD_RUNPATH_SEARCH_PATHS = (
					"$(inherited)",
					"@executable_path/Frameworks",
					"@executable_path/../../Frameworks",
				);
				MARKETING_VERSION = 1.041;
				PRODUCT_BUNDLE_IDENTIFIER = "com.Grant151.habit-tracker.widget";
				PRODUCT_NAME = "$(TARGET_NAME)";
				SKIP_INSTALL = YES;
				SWIFT_VERSION = 5.0;
				TARGETED_DEVICE_FAMILY = 1;
			};
			name = Release;
		};
		88B5597B25785E4D00D64D1A /* Debug */ = {
			isa = XCBuildConfiguration;
			buildSettings = {
				ALWAYS_SEARCH_USER_PATHS = NO;
				CLANG_ANALYZER_NONNULL = YES;
				CLANG_ANALYZER_NUMBER_OBJECT_CONVERSION = YES_AGGRESSIVE;
				CLANG_CXX_LANGUAGE_STANDARD = "gnu++14";
				CLANG_CXX_LIBRARY = "libc++";
				CLANG_ENABLE_MODULES = YES;
				CLANG_ENABLE_OBJC_ARC = YES;
				CLANG_ENABLE_OBJC_WEAK = YES;
				CLANG_WARN_BLOCK_CAPTURE_AUTORELEASING = YES;
				CLANG_WARN_BOOL_CONVERSION = YES;
				CLANG_WARN_COMMA = YES;
				CLANG_WARN_CONSTANT_CONVERSION = YES;
				CLANG_WARN_DEPRECATED_OBJC_IMPLEMENTATIONS = YES;
				CLANG_WARN_DIRECT_OBJC_ISA_USAGE = YES_ERROR;
				CLANG_WARN_DOCUMENTATION_COMMENTS = YES;
				CLANG_WARN_EMPTY_BODY = YES;
				CLANG_WARN_ENUM_CONVERSION = YES;
				CLANG_WARN_INFINITE_RECURSION = YES;
				CLANG_WARN_INT_CONVERSION = YES;
				CLANG_WARN_NON_LITERAL_NULL_CONVERSION = YES;
				CLANG_WARN_OBJC_IMPLICIT_RETAIN_SELF = YES;
				CLANG_WARN_OBJC_LITERAL_CONVERSION = YES;
				CLANG_WARN_OBJC_ROOT_CLASS = YES_ERROR;
				CLANG_WARN_QUOTED_INCLUDE_IN_FRAMEWORK_HEADER = YES;
				CLANG_WARN_RANGE_LOOP_ANALYSIS = YES;
				CLANG_WARN_STRICT_PROTOTYPES = YES;
				CLANG_WARN_SUSPICIOUS_MOVE = YES;
				CLANG_WARN_UNGUARDED_AVAILABILITY = YES_AGGRESSIVE;
				CLANG_WARN_UNREACHABLE_CODE = YES;
				CLANG_WARN__DUPLICATE_METHOD_MATCH = YES;
				COPY_PHASE_STRIP = NO;
				DEBUG_INFORMATION_FORMAT = dwarf;
				ENABLE_STRICT_OBJC_MSGSEND = YES;
				ENABLE_TESTABILITY = YES;
				GCC_C_LANGUAGE_STANDARD = gnu11;
				GCC_DYNAMIC_NO_PIC = NO;
				GCC_NO_COMMON_BLOCKS = YES;
				GCC_OPTIMIZATION_LEVEL = 0;
				GCC_PREPROCESSOR_DEFINITIONS = (
					"DEBUG=1",
					"$(inherited)",
				);
				GCC_WARN_64_TO_32_BIT_CONVERSION = YES;
				GCC_WARN_ABOUT_RETURN_TYPE = YES_ERROR;
				GCC_WARN_UNDECLARED_SELECTOR = YES;
				GCC_WARN_UNINITIALIZED_AUTOS = YES_AGGRESSIVE;
				GCC_WARN_UNUSED_FUNCTION = YES;
				GCC_WARN_UNUSED_VARIABLE = YES;
				IPHONEOS_DEPLOYMENT_TARGET = 13.0;
				MTL_ENABLE_DEBUG_INFO = INCLUDE_SOURCE;
				MTL_FAST_MATH = YES;
				ONLY_ACTIVE_ARCH = YES;
				SDKROOT = iphoneos;
				SWIFT_ACTIVE_COMPILATION_CONDITIONS = DEBUG;
				SWIFT_OPTIMIZATION_LEVEL = "-Onone";
				TARGETED_DEVICE_FAMILY = 1;
			};
			name = Debug;
		};
		88B5597C25785E4D00D64D1A /* Release */ = {
			isa = XCBuildConfiguration;
			buildSettings = {
				ALWAYS_SEARCH_USER_PATHS = NO;
				CLANG_ANALYZER_NONNULL = YES;
				CLANG_ANALYZER_NUMBER_OBJECT_CONVERSION = YES_AGGRESSIVE;
				CLANG_CXX_LANGUAGE_STANDARD = "gnu++14";
				CLANG_CXX_LIBRARY = "libc++";
				CLANG_ENABLE_MODULES = YES;
				CLANG_ENABLE_OBJC_ARC = YES;
				CLANG_ENABLE_OBJC_WEAK = YES;
				CLANG_WARN_BLOCK_CAPTURE_AUTORELEASING = YES;
				CLANG_WARN_BOOL_CONVERSION = YES;
				CLANG_WARN_COMMA = YES;
				CLANG_WARN_CONSTANT_CONVERSION = YES;
				CLANG_WARN_DEPRECATED_OBJC_IMPLEMENTATIONS = YES;
				CLANG_WARN_DIRECT_OBJC_ISA_USAGE = YES_ERROR;
				CLANG_WARN_DOCUMENTATION_COMMENTS = YES;
				CLANG_WARN_EMPTY_BODY = YES;
				CLANG_WARN_ENUM_CONVERSION = YES;
				CLANG_WARN_INFINITE_RECURSION = YES;
				CLANG_WARN_INT_CONVERSION = YES;
				CLANG_WARN_NON_LITERAL_NULL_CONVERSION = YES;
				CLANG_WARN_OBJC_IMPLICIT_RETAIN_SELF = YES;
				CLANG_WARN_OBJC_LITERAL_CONVERSION = YES;
				CLANG_WARN_OBJC_ROOT_CLASS = YES_ERROR;
				CLANG_WARN_QUOTED_INCLUDE_IN_FRAMEWORK_HEADER = YES;
				CLANG_WARN_RANGE_LOOP_ANALYSIS = YES;
				CLANG_WARN_STRICT_PROTOTYPES = YES;
				CLANG_WARN_SUSPICIOUS_MOVE = YES;
				CLANG_WARN_UNGUARDED_AVAILABILITY = YES_AGGRESSIVE;
				CLANG_WARN_UNREACHABLE_CODE = YES;
				CLANG_WARN__DUPLICATE_METHOD_MATCH = YES;
				COPY_PHASE_STRIP = NO;
				DEBUG_INFORMATION_FORMAT = "dwarf-with-dsym";
				ENABLE_NS_ASSERTIONS = NO;
				ENABLE_STRICT_OBJC_MSGSEND = YES;
				GCC_C_LANGUAGE_STANDARD = gnu11;
				GCC_NO_COMMON_BLOCKS = YES;
				GCC_WARN_64_TO_32_BIT_CONVERSION = YES;
				GCC_WARN_ABOUT_RETURN_TYPE = YES_ERROR;
				GCC_WARN_UNDECLARED_SELECTOR = YES;
				GCC_WARN_UNINITIALIZED_AUTOS = YES_AGGRESSIVE;
				GCC_WARN_UNUSED_FUNCTION = YES;
				GCC_WARN_UNUSED_VARIABLE = YES;
				IPHONEOS_DEPLOYMENT_TARGET = 13.0;
				MTL_ENABLE_DEBUG_INFO = NO;
				MTL_FAST_MATH = YES;
				SDKROOT = iphoneos;
				SWIFT_COMPILATION_MODE = wholemodule;
				SWIFT_OPTIMIZATION_LEVEL = "-O";
				TARGETED_DEVICE_FAMILY = 1;
				VALIDATE_PRODUCT = YES;
			};
			name = Release;
		};
		88B5597E25785E4D00D64D1A /* Debug */ = {
			isa = XCBuildConfiguration;
			baseConfigurationReference = DF8DF05DA195A724060AB110 /* Pods-Simple Habit Tracker.debug.xcconfig */;
			buildSettings = {
				ALWAYS_EMBED_SWIFT_STANDARD_LIBRARIES = YES;
				ASSETCATALOG_COMPILER_APPICON_NAME = AppIcon;
				ASSETCATALOG_COMPILER_GLOBAL_ACCENT_COLOR_NAME = AccentColor;
				CODE_SIGN_ENTITLEMENTS = "Simple Habit Tracker/Simple Habit Tracker.entitlements";
				CODE_SIGN_STYLE = Automatic;
				CURRENT_PROJECT_VERSION = 8;
				DEVELOPMENT_TEAM = AYPPAXMRMG;
				INFOPLIST_FILE = "Simple Habit Tracker/Info.plist";
				LD_RUNPATH_SEARCH_PATHS = (
					"$(inherited)",
					"@executable_path/Frameworks",
				);
				MARKETING_VERSION = 1.041;
				PRODUCT_BUNDLE_IDENTIFIER = "com.Grant151.habit-tracker";
				PRODUCT_NAME = "$(TARGET_NAME)";
				SWIFT_VERSION = 5.0;
				TARGETED_DEVICE_FAMILY = 1;
			};
			name = Debug;
		};
		88B5597F25785E4D00D64D1A /* Release */ = {
			isa = XCBuildConfiguration;
			baseConfigurationReference = C8BD656F31DD12FEC6A717B2 /* Pods-Simple Habit Tracker.release.xcconfig */;
			buildSettings = {
				ALWAYS_EMBED_SWIFT_STANDARD_LIBRARIES = YES;
				ASSETCATALOG_COMPILER_APPICON_NAME = AppIcon;
				ASSETCATALOG_COMPILER_GLOBAL_ACCENT_COLOR_NAME = AccentColor;
				CODE_SIGN_ENTITLEMENTS = "Simple Habit Tracker/Simple Habit Tracker.entitlements";
				CODE_SIGN_STYLE = Automatic;
				CURRENT_PROJECT_VERSION = 8;
				DEVELOPMENT_TEAM = AYPPAXMRMG;
				INFOPLIST_FILE = "Simple Habit Tracker/Info.plist";
				LD_RUNPATH_SEARCH_PATHS = (
					"$(inherited)",
					"@executable_path/Frameworks",
				);
				MARKETING_VERSION = 1.041;
				PRODUCT_BUNDLE_IDENTIFIER = "com.Grant151.habit-tracker";
				PRODUCT_NAME = "$(TARGET_NAME)";
				SWIFT_VERSION = 5.0;
				TARGETED_DEVICE_FAMILY = 1;
			};
			name = Release;
		};
		88B5598125785E4D00D64D1A /* Debug */ = {
			isa = XCBuildConfiguration;
			baseConfigurationReference = 07C133582945229C9D54A61C /* Pods-Simple Habit TrackerTests.debug.xcconfig */;
			buildSettings = {
				ALWAYS_EMBED_SWIFT_STANDARD_LIBRARIES = YES;
				BUNDLE_LOADER = "$(TEST_HOST)";
				CODE_SIGN_STYLE = Automatic;
				DEVELOPMENT_TEAM = AYPPAXMRMG;
				INFOPLIST_FILE = "Simple Habit TrackerTests/Info.plist";
				IPHONEOS_DEPLOYMENT_TARGET = 14.2;
				LD_RUNPATH_SEARCH_PATHS = (
					"$(inherited)",
					"@executable_path/Frameworks",
					"@loader_path/Frameworks",
				);
				PRODUCT_BUNDLE_IDENTIFIER = "com.Grant151.Simple-Habit-TrackerTests";
				PRODUCT_NAME = "$(TARGET_NAME)";
				SWIFT_VERSION = 5.0;
				TARGETED_DEVICE_FAMILY = "1,2";
				TEST_HOST = "$(BUILT_PRODUCTS_DIR)/Simple Habit Tracker.app/Simple Habit Tracker";
			};
			name = Debug;
		};
		88B5598225785E4D00D64D1A /* Release */ = {
			isa = XCBuildConfiguration;
			baseConfigurationReference = 2FFC22E950F0FEAE82C4B755 /* Pods-Simple Habit TrackerTests.release.xcconfig */;
			buildSettings = {
				ALWAYS_EMBED_SWIFT_STANDARD_LIBRARIES = YES;
				BUNDLE_LOADER = "$(TEST_HOST)";
				CODE_SIGN_STYLE = Automatic;
				DEVELOPMENT_TEAM = AYPPAXMRMG;
				INFOPLIST_FILE = "Simple Habit TrackerTests/Info.plist";
				IPHONEOS_DEPLOYMENT_TARGET = 14.2;
				LD_RUNPATH_SEARCH_PATHS = (
					"$(inherited)",
					"@executable_path/Frameworks",
					"@loader_path/Frameworks",
				);
				PRODUCT_BUNDLE_IDENTIFIER = "com.Grant151.Simple-Habit-TrackerTests";
				PRODUCT_NAME = "$(TARGET_NAME)";
				SWIFT_VERSION = 5.0;
				TARGETED_DEVICE_FAMILY = "1,2";
				TEST_HOST = "$(BUILT_PRODUCTS_DIR)/Simple Habit Tracker.app/Simple Habit Tracker";
			};
			name = Release;
		};
		88B5598425785E4D00D64D1A /* Debug */ = {
			isa = XCBuildConfiguration;
			baseConfigurationReference = E4BA9C7904EF879427D26492 /* Pods-Simple Habit Tracker-Simple Habit TrackerUITests.debug.xcconfig */;
			buildSettings = {
				ALWAYS_EMBED_SWIFT_STANDARD_LIBRARIES = YES;
				CODE_SIGN_STYLE = Automatic;
				DEVELOPMENT_TEAM = AYPPAXMRMG;
				INFOPLIST_FILE = "Simple Habit TrackerUITests/Info.plist";
				LD_RUNPATH_SEARCH_PATHS = (
					"$(inherited)",
					"@executable_path/Frameworks",
					"@loader_path/Frameworks",
				);
				PRODUCT_BUNDLE_IDENTIFIER = "com.Grant151.Simple-Habit-TrackerUITests";
				PRODUCT_NAME = "$(TARGET_NAME)";
				SWIFT_VERSION = 5.0;
				TARGETED_DEVICE_FAMILY = "1,2";
				TEST_TARGET_NAME = "Simple Habit Tracker";
			};
			name = Debug;
		};
		88B5598525785E4D00D64D1A /* Release */ = {
			isa = XCBuildConfiguration;
			baseConfigurationReference = 6F58EC629994C7182253E577 /* Pods-Simple Habit Tracker-Simple Habit TrackerUITests.release.xcconfig */;
			buildSettings = {
				ALWAYS_EMBED_SWIFT_STANDARD_LIBRARIES = YES;
				CODE_SIGN_STYLE = Automatic;
				DEVELOPMENT_TEAM = AYPPAXMRMG;
				INFOPLIST_FILE = "Simple Habit TrackerUITests/Info.plist";
				LD_RUNPATH_SEARCH_PATHS = (
					"$(inherited)",
					"@executable_path/Frameworks",
					"@loader_path/Frameworks",
				);
				PRODUCT_BUNDLE_IDENTIFIER = "com.Grant151.Simple-Habit-TrackerUITests";
				PRODUCT_NAME = "$(TARGET_NAME)";
				SWIFT_VERSION = 5.0;
				TARGETED_DEVICE_FAMILY = "1,2";
				TEST_TARGET_NAME = "Simple Habit Tracker";
			};
			name = Release;
		};
		88FF494D25A21B41007AC72A /* Debug */ = {
			isa = XCBuildConfiguration;
			buildSettings = {
				ALWAYS_EMBED_SWIFT_STANDARD_LIBRARIES = YES;
				ASSETCATALOG_COMPILER_APPICON_NAME = AppIcon;
				ASSETCATALOG_COMPILER_GLOBAL_ACCENT_COLOR_NAME = AccentColor;
				CODE_SIGN_ENTITLEMENTS = "Habit Watch App/Habit Watch App.entitlements";
				CODE_SIGN_STYLE = Automatic;
				CURRENT_PROJECT_VERSION = 3;
				DEVELOPMENT_TEAM = AYPPAXMRMG;
				IBSC_MODULE = Habit_Watch_App_Extension;
				INFOPLIST_FILE = "Habit Watch App/Info.plist";
				MARKETING_VERSION = 1.1;
				PRODUCT_BUNDLE_IDENTIFIER = "com.Grant151.habit-tracker.watchkitapp";
				PRODUCT_NAME = "$(TARGET_NAME)";
				SDKROOT = watchos;
				SKIP_INSTALL = YES;
				SWIFT_VERSION = 5.0;
				TARGETED_DEVICE_FAMILY = 4;
				WATCHOS_DEPLOYMENT_TARGET = 7.0;
			};
			name = Debug;
		};
		88FF494E25A21B41007AC72A /* Release */ = {
			isa = XCBuildConfiguration;
			buildSettings = {
				ALWAYS_EMBED_SWIFT_STANDARD_LIBRARIES = YES;
				ASSETCATALOG_COMPILER_APPICON_NAME = AppIcon;
				ASSETCATALOG_COMPILER_GLOBAL_ACCENT_COLOR_NAME = AccentColor;
				CODE_SIGN_ENTITLEMENTS = "Habit Watch App/Habit Watch App.entitlements";
				CODE_SIGN_STYLE = Automatic;
				CURRENT_PROJECT_VERSION = 3;
				DEVELOPMENT_TEAM = AYPPAXMRMG;
				IBSC_MODULE = Habit_Watch_App_Extension;
				INFOPLIST_FILE = "Habit Watch App/Info.plist";
				MARKETING_VERSION = 1.1;
				PRODUCT_BUNDLE_IDENTIFIER = "com.Grant151.habit-tracker.watchkitapp";
				PRODUCT_NAME = "$(TARGET_NAME)";
				SDKROOT = watchos;
				SKIP_INSTALL = YES;
				SWIFT_VERSION = 5.0;
				TARGETED_DEVICE_FAMILY = 4;
				WATCHOS_DEPLOYMENT_TARGET = 7.0;
			};
			name = Release;
		};
		88FF495025A21B41007AC72A /* Debug */ = {
			isa = XCBuildConfiguration;
			buildSettings = {
				ASSETCATALOG_COMPILER_COMPLICATION_NAME = Complication;
				CODE_SIGN_ENTITLEMENTS = "Habit Watch App Extension/Habit Watch App Extension.entitlements";
				CODE_SIGN_STYLE = Automatic;
				CURRENT_PROJECT_VERSION = 3;
				DEVELOPMENT_TEAM = AYPPAXMRMG;
				INFOPLIST_FILE = "Habit Watch App Extension/Info.plist";
				LD_RUNPATH_SEARCH_PATHS = (
					"$(inherited)",
					"@executable_path/Frameworks",
					"@executable_path/../../Frameworks",
				);
				MARKETING_VERSION = 1.1;
				PRODUCT_BUNDLE_IDENTIFIER = "com.Grant151.habit-tracker.watchkitapp.watchkitextension";
				PRODUCT_NAME = "${TARGET_NAME}";
				SDKROOT = watchos;
				SKIP_INSTALL = YES;
				SWIFT_VERSION = 5.0;
				TARGETED_DEVICE_FAMILY = 4;
				WATCHOS_DEPLOYMENT_TARGET = 7.0;
			};
			name = Debug;
		};
		88FF495125A21B41007AC72A /* Release */ = {
			isa = XCBuildConfiguration;
			buildSettings = {
				ASSETCATALOG_COMPILER_COMPLICATION_NAME = Complication;
				CODE_SIGN_ENTITLEMENTS = "Habit Watch App Extension/Habit Watch App Extension.entitlements";
				CODE_SIGN_STYLE = Automatic;
				CURRENT_PROJECT_VERSION = 3;
				DEVELOPMENT_TEAM = AYPPAXMRMG;
				INFOPLIST_FILE = "Habit Watch App Extension/Info.plist";
				LD_RUNPATH_SEARCH_PATHS = (
					"$(inherited)",
					"@executable_path/Frameworks",
					"@executable_path/../../Frameworks",
				);
				MARKETING_VERSION = 1.1;
				PRODUCT_BUNDLE_IDENTIFIER = "com.Grant151.habit-tracker.watchkitapp.watchkitextension";
				PRODUCT_NAME = "${TARGET_NAME}";
				SDKROOT = watchos;
				SKIP_INSTALL = YES;
				SWIFT_VERSION = 5.0;
				TARGETED_DEVICE_FAMILY = 4;
				WATCHOS_DEPLOYMENT_TARGET = 7.0;
			};
			name = Release;
		};
/* End XCBuildConfiguration section */

/* Begin XCConfigurationList section */
		88A2AE152585D209005D7753 /* Build configuration list for PBXNativeTarget "Habit WidgetExtension" */ = {
			isa = XCConfigurationList;
			buildConfigurations = (
				88A2AE132585D209005D7753 /* Debug */,
				88A2AE142585D209005D7753 /* Release */,
			);
			defaultConfigurationIsVisible = 0;
			defaultConfigurationName = Release;
		};
		88B5594E25785E4B00D64D1A /* Build configuration list for PBXProject "Simple Habit Tracker" */ = {
			isa = XCConfigurationList;
			buildConfigurations = (
				88B5597B25785E4D00D64D1A /* Debug */,
				88B5597C25785E4D00D64D1A /* Release */,
			);
			defaultConfigurationIsVisible = 0;
			defaultConfigurationName = Release;
		};
		88B5597D25785E4D00D64D1A /* Build configuration list for PBXNativeTarget "Simple Habit Tracker" */ = {
			isa = XCConfigurationList;
			buildConfigurations = (
				88B5597E25785E4D00D64D1A /* Debug */,
				88B5597F25785E4D00D64D1A /* Release */,
			);
			defaultConfigurationIsVisible = 0;
			defaultConfigurationName = Release;
		};
		88B5598025785E4D00D64D1A /* Build configuration list for PBXNativeTarget "Simple Habit TrackerTests" */ = {
			isa = XCConfigurationList;
			buildConfigurations = (
				88B5598125785E4D00D64D1A /* Debug */,
				88B5598225785E4D00D64D1A /* Release */,
			);
			defaultConfigurationIsVisible = 0;
			defaultConfigurationName = Release;
		};
		88B5598325785E4D00D64D1A /* Build configuration list for PBXNativeTarget "Simple Habit TrackerUITests" */ = {
			isa = XCConfigurationList;
			buildConfigurations = (
				88B5598425785E4D00D64D1A /* Debug */,
				88B5598525785E4D00D64D1A /* Release */,
			);
			defaultConfigurationIsVisible = 0;
			defaultConfigurationName = Release;
		};
		88FF495225A21B41007AC72A /* Build configuration list for PBXNativeTarget "Habit Watch App Extension" */ = {
			isa = XCConfigurationList;
			buildConfigurations = (
				88FF495025A21B41007AC72A /* Debug */,
				88FF495125A21B41007AC72A /* Release */,
			);
			defaultConfigurationIsVisible = 0;
			defaultConfigurationName = Release;
		};
		88FF495325A21B41007AC72A /* Build configuration list for PBXNativeTarget "Habit Watch App" */ = {
			isa = XCConfigurationList;
			buildConfigurations = (
				88FF494D25A21B41007AC72A /* Debug */,
				88FF494E25A21B41007AC72A /* Release */,
			);
			defaultConfigurationIsVisible = 0;
			defaultConfigurationName = Release;
		};
/* End XCConfigurationList section */
	};
	rootObject = 88B5594B25785E4B00D64D1A /* Project object */;
}
